
Microsoft Visual Studio Solution File, Format Version 12.00
# Visual Studio Version 16
VisualStudioVersion = 16.0.30611.23
MinimumVisualStudioVersion = 10.0.40219.1
Project("{2150E333-8FDC-42A3-9474-1A3956D46DE8}") = "Temp", "Temp", "{27086128-8DB8-4422-BCD9-6163CB65EFDC}"
EndProject
Project("{2150E333-8FDC-42A3-9474-1A3956D46DE8}") = "BusinessLayer", "BusinessLayer", "{437DCB5A-1D02-42AD-B143-E84A923E5F2E}"
EndProject
Project("{2150E333-8FDC-42A3-9474-1A3956D46DE8}") = "ClientLayer", "ClientLayer", "{2D671EA6-CC18-4AE5-9B28-661FCAB4B417}"
EndProject
Project("{2150E333-8FDC-42A3-9474-1A3956D46DE8}") = "ServiceLayer", "ServiceLayer", "{9B50502D-D259-4320-9F32-CED2B2469E13}"
EndProject
Project("{9A19103F-16F7-4668-BE54-9A1E7A4F7556}") = "Zu1779.ArchTest.BL.MainEngine", "BusinessLayer\Zu1779.ArchTest.BL.MainEngine\Zu1779.ArchTest.BL.MainEngine.csproj", "{751C7EBB-3039-4F2C-B3A7-8796609DA306}"
EndProject
Project("{9A19103F-16F7-4668-BE54-9A1E7A4F7556}") = "Zu1779.ArchTest.CL.AdvanceConsole", "ClientLayer\Zu1779.ArchTest.CL.AdvanceConsole\Zu1779.ArchTest.CL.AdvanceConsole.csproj", "{7CBDFA75-358F-4BB1-91C6-9F6789C56CA2}"
EndProject
Project("{9A19103F-16F7-4668-BE54-9A1E7A4F7556}") = "Zu1779.ArchTest.CL.BaseConsole", "ClientLayer\Zu1779.ArchTest.CL.BaseConsole\Zu1779.ArchTest.CL.BaseConsole.csproj", "{43AEF3EB-AC4C-4640-B63E-C38993035BA8}"
EndProject
Project("{9A19103F-16F7-4668-BE54-9A1E7A4F7556}") = "Zu1779.ArchTest.SL.ProcService", "ServiceLayer\Zu1779.ArchTest.SL.ProcService\Zu1779.ArchTest.SL.ProcService.csproj", "{C56A34FA-2FF7-4FF5-B0CA-F251E3916BED}"
EndProject
Project("{9A19103F-16F7-4668-BE54-9A1E7A4F7556}") = "TestGrpcService", "Temp\TestGrpcService\TestGrpcService.csproj", "{E9BA490E-4E77-491A-BF57-1A3EF990C3CE}"
EndProject
Project("{9A19103F-16F7-4668-BE54-9A1E7A4F7556}") = "TestGrpcLibrary", "Temp\TestGrpcLibrary\TestGrpcLibrary.csproj", "{9D1AE4F8-8221-4E81-9070-B41502149C1C}"
EndProject
Project("{9A19103F-16F7-4668-BE54-9A1E7A4F7556}") = "Zu1779.ArchTest.CL.TestGrpcClient", "ClientLayer\Zu1779.ArchTest.CL.TestGrpcClient\Zu1779.ArchTest.CL.TestGrpcClient.csproj", "{60858D67-1012-47D9-97EB-A2AA4712834B}"
EndProject
Project("{2150E333-8FDC-42A3-9474-1A3956D46DE8}") = "UnoPlatform", "UnoPlatform", "{D87F2B42-FB94-4834-B51C-819EFEC3A664}"
EndProject
Project("{D954291E-2A0B-460D-934E-DC6B0785DB48}") = "TestUnoPlatform.Shared", "Temp\TestUnoPlatform\TestUnoPlatform.Shared\TestUnoPlatform.Shared.shproj", "{6279C845-92F8-4333-AB99-3D213163593C}"
EndProject
Project("{FAE04EC0-301F-11D3-BF4B-00C04F79EFBC}") = "TestUnoPlatform.Droid", "Temp\TestUnoPlatform\TestUnoPlatform.Droid\TestUnoPlatform.Droid.csproj", "{9CC43AA8-FBC7-4066-AFED-D6E491D141E0}"
EndProject
Project("{FAE04EC0-301F-11D3-BF4B-00C04F79EFBC}") = "TestUnoPlatform.iOS", "Temp\TestUnoPlatform\TestUnoPlatform.iOS\TestUnoPlatform.iOS.csproj", "{D60D926A-0338-40E6-BB82-751EDAFF9DAA}"
EndProject
Project("{FAE04EC0-301F-11D3-BF4B-00C04F79EFBC}") = "TestUnoPlatform.UWP", "Temp\TestUnoPlatform\TestUnoPlatform.UWP\TestUnoPlatform.UWP.csproj", "{EFA731BC-F00C-48D9-A8BD-FA2AE9E71260}"
EndProject
Project("{9A19103F-16F7-4668-BE54-9A1E7A4F7556}") = "TestUnoPlatform.Wasm", "Temp\TestUnoPlatform\TestUnoPlatform.Wasm\TestUnoPlatform.Wasm.csproj", "{B94690FB-A3E9-4916-A04B-6CF799B4AC9C}"
EndProject
Project("{FAE04EC0-301F-11D3-BF4B-00C04F79EFBC}") = "TestUnoPlatform.macOS", "Temp\TestUnoPlatform\TestUnoPlatform.macOS\TestUnoPlatform.macOS.csproj", "{C948327A-A6CA-47C1-AB13-57270D776967}"
EndProject
Project("{9A19103F-16F7-4668-BE54-9A1E7A4F7556}") = "TestUnoPlatform.Skia.Wpf.Host", "Temp\TestUnoPlatform\TestUnoPlatform.Skia.Wpf.Host\TestUnoPlatform.Skia.Wpf.Host.csproj", "{3608ECD8-4B1D-446F-BF14-F33E324F6644}"
EndProject
Project("{9A19103F-16F7-4668-BE54-9A1E7A4F7556}") = "TestUnoPlatform.Skia.Wpf", "Temp\TestUnoPlatform\TestUnoPlatform.Skia.Wpf\TestUnoPlatform.Skia.Wpf.csproj", "{5178F1D8-F22B-4FEE-8DA1-1358D93358EA}"
EndProject
Project("{9A19103F-16F7-4668-BE54-9A1E7A4F7556}") = "TestUnoPlatform.Skia.Gtk", "Temp\TestUnoPlatform\TestUnoPlatform.Skia.Gtk\TestUnoPlatform.Skia.Gtk.csproj", "{C7670D61-3347-47B5-AE4D-ED5307B25E50}"
EndProject
Project("{2150E333-8FDC-42A3-9474-1A3956D46DE8}") = "Solution Items", "Solution Items", "{0C170649-7811-448D-A4B3-08AFBF21125D}"
	ProjectSection(SolutionItems) = preProject
		Techincal notes.txt = Techincal notes.txt
		ToDo.txt = ToDo.txt
	EndProjectSection
EndProject
Project("{9A19103F-16F7-4668-BE54-9A1E7A4F7556}") = "Zu1779.ArchTest.SL.Api2BL", "ServiceLayer\Zu1779.ArchTest.SL.Api2BL\Zu1779.ArchTest.SL.Api2BL.csproj", "{0C781F68-1FA9-42FA-B15E-255758B4FD0F}"
EndProject
Project("{FAE04EC0-301F-11D3-BF4B-00C04F79EFBC}") = "Zu1779.Lightinject.InterceptionConfiguration", "Zu1779.Lightinject.InterceptionConfiguration\Zu1779.Lightinject.InterceptionConfiguration.csproj", "{A5AE6DD8-5E55-4573-AF9A-1AB967B14914}"
EndProject
Global
	GlobalSection(SharedMSBuildProjectFiles) = preSolution
		Temp\TestUnoPlatform\TestUnoPlatform.Shared\TestUnoPlatform.Shared.projitems*{5178f1d8-f22b-4fee-8da1-1358d93358ea}*SharedItemsImports = 5
		Temp\TestUnoPlatform\TestUnoPlatform.Shared\TestUnoPlatform.Shared.projitems*{6279c845-92f8-4333-ab99-3d213163593c}*SharedItemsImports = 13
		Temp\TestUnoPlatform\TestUnoPlatform.Shared\TestUnoPlatform.Shared.projitems*{9cc43aa8-fbc7-4066-afed-d6e491d141e0}*SharedItemsImports = 4
		Temp\TestUnoPlatform\TestUnoPlatform.Shared\TestUnoPlatform.Shared.projitems*{b94690fb-a3e9-4916-a04b-6cf799b4ac9c}*SharedItemsImports = 5
		Temp\TestUnoPlatform\TestUnoPlatform.Shared\TestUnoPlatform.Shared.projitems*{c948327a-a6ca-47c1-ab13-57270d776967}*SharedItemsImports = 4
		Temp\TestUnoPlatform\TestUnoPlatform.Shared\TestUnoPlatform.Shared.projitems*{d60d926a-0338-40e6-bb82-751edaff9daa}*SharedItemsImports = 4
		Temp\TestUnoPlatform\TestUnoPlatform.Shared\TestUnoPlatform.Shared.projitems*{efa731bc-f00c-48d9-a8bd-fa2ae9e71260}*SharedItemsImports = 4
	EndGlobalSection
	GlobalSection(SolutionConfigurationPlatforms) = preSolution
		Ad-Hoc|Any CPU = Ad-Hoc|Any CPU
		Ad-Hoc|ARM = Ad-Hoc|ARM
		Ad-Hoc|ARM64 = Ad-Hoc|ARM64
		Ad-Hoc|iPhone = Ad-Hoc|iPhone
		Ad-Hoc|iPhoneSimulator = Ad-Hoc|iPhoneSimulator
		Ad-Hoc|x64 = Ad-Hoc|x64
		Ad-Hoc|x86 = Ad-Hoc|x86
		AppStore|Any CPU = AppStore|Any CPU
		AppStore|ARM = AppStore|ARM
		AppStore|ARM64 = AppStore|ARM64
		AppStore|iPhone = AppStore|iPhone
		AppStore|iPhoneSimulator = AppStore|iPhoneSimulator
		AppStore|x64 = AppStore|x64
		AppStore|x86 = AppStore|x86
		Debug|Any CPU = Debug|Any CPU
		Debug|ARM = Debug|ARM
		Debug|ARM64 = Debug|ARM64
		Debug|iPhone = Debug|iPhone
		Debug|iPhoneSimulator = Debug|iPhoneSimulator
		Debug|x64 = Debug|x64
		Debug|x86 = Debug|x86
		Release|Any CPU = Release|Any CPU
		Release|ARM = Release|ARM
		Release|ARM64 = Release|ARM64
		Release|iPhone = Release|iPhone
		Release|iPhoneSimulator = Release|iPhoneSimulator
		Release|x64 = Release|x64
		Release|x86 = Release|x86
	EndGlobalSection
	GlobalSection(ProjectConfigurationPlatforms) = postSolution
		{751C7EBB-3039-4F2C-B3A7-8796609DA306}.Ad-Hoc|Any CPU.ActiveCfg = Release|Any CPU
		{751C7EBB-3039-4F2C-B3A7-8796609DA306}.Ad-Hoc|Any CPU.Build.0 = Release|Any CPU
		{751C7EBB-3039-4F2C-B3A7-8796609DA306}.Ad-Hoc|ARM.ActiveCfg = Release|Any CPU
		{751C7EBB-3039-4F2C-B3A7-8796609DA306}.Ad-Hoc|ARM.Build.0 = Release|Any CPU
		{751C7EBB-3039-4F2C-B3A7-8796609DA306}.Ad-Hoc|ARM64.ActiveCfg = Release|Any CPU
		{751C7EBB-3039-4F2C-B3A7-8796609DA306}.Ad-Hoc|ARM64.Build.0 = Release|Any CPU
		{751C7EBB-3039-4F2C-B3A7-8796609DA306}.Ad-Hoc|iPhone.ActiveCfg = Release|Any CPU
		{751C7EBB-3039-4F2C-B3A7-8796609DA306}.Ad-Hoc|iPhone.Build.0 = Release|Any CPU
		{751C7EBB-3039-4F2C-B3A7-8796609DA306}.Ad-Hoc|iPhoneSimulator.ActiveCfg = Release|Any CPU
		{751C7EBB-3039-4F2C-B3A7-8796609DA306}.Ad-Hoc|iPhoneSimulator.Build.0 = Release|Any CPU
		{751C7EBB-3039-4F2C-B3A7-8796609DA306}.Ad-Hoc|x64.ActiveCfg = Release|Any CPU
		{751C7EBB-3039-4F2C-B3A7-8796609DA306}.Ad-Hoc|x64.Build.0 = Release|Any CPU
		{751C7EBB-3039-4F2C-B3A7-8796609DA306}.Ad-Hoc|x86.ActiveCfg = Release|Any CPU
		{751C7EBB-3039-4F2C-B3A7-8796609DA306}.Ad-Hoc|x86.Build.0 = Release|Any CPU
		{751C7EBB-3039-4F2C-B3A7-8796609DA306}.AppStore|Any CPU.ActiveCfg = Release|Any CPU
		{751C7EBB-3039-4F2C-B3A7-8796609DA306}.AppStore|Any CPU.Build.0 = Release|Any CPU
		{751C7EBB-3039-4F2C-B3A7-8796609DA306}.AppStore|ARM.ActiveCfg = Release|Any CPU
		{751C7EBB-3039-4F2C-B3A7-8796609DA306}.AppStore|ARM.Build.0 = Release|Any CPU
		{751C7EBB-3039-4F2C-B3A7-8796609DA306}.AppStore|ARM64.ActiveCfg = Release|Any CPU
		{751C7EBB-3039-4F2C-B3A7-8796609DA306}.AppStore|ARM64.Build.0 = Release|Any CPU
		{751C7EBB-3039-4F2C-B3A7-8796609DA306}.AppStore|iPhone.ActiveCfg = Release|Any CPU
		{751C7EBB-3039-4F2C-B3A7-8796609DA306}.AppStore|iPhone.Build.0 = Release|Any CPU
		{751C7EBB-3039-4F2C-B3A7-8796609DA306}.AppStore|iPhoneSimulator.ActiveCfg = Release|Any CPU
		{751C7EBB-3039-4F2C-B3A7-8796609DA306}.AppStore|iPhoneSimulator.Build.0 = Release|Any CPU
		{751C7EBB-3039-4F2C-B3A7-8796609DA306}.AppStore|x64.ActiveCfg = Release|Any CPU
		{751C7EBB-3039-4F2C-B3A7-8796609DA306}.AppStore|x64.Build.0 = Release|Any CPU
		{751C7EBB-3039-4F2C-B3A7-8796609DA306}.AppStore|x86.ActiveCfg = Release|Any CPU
		{751C7EBB-3039-4F2C-B3A7-8796609DA306}.AppStore|x86.Build.0 = Release|Any CPU
		{751C7EBB-3039-4F2C-B3A7-8796609DA306}.Debug|Any CPU.ActiveCfg = Debug|Any CPU
		{751C7EBB-3039-4F2C-B3A7-8796609DA306}.Debug|Any CPU.Build.0 = Debug|Any CPU
		{751C7EBB-3039-4F2C-B3A7-8796609DA306}.Debug|ARM.ActiveCfg = Debug|Any CPU
		{751C7EBB-3039-4F2C-B3A7-8796609DA306}.Debug|ARM.Build.0 = Debug|Any CPU
		{751C7EBB-3039-4F2C-B3A7-8796609DA306}.Debug|ARM64.ActiveCfg = Debug|Any CPU
		{751C7EBB-3039-4F2C-B3A7-8796609DA306}.Debug|ARM64.Build.0 = Debug|Any CPU
		{751C7EBB-3039-4F2C-B3A7-8796609DA306}.Debug|iPhone.ActiveCfg = Debug|Any CPU
		{751C7EBB-3039-4F2C-B3A7-8796609DA306}.Debug|iPhone.Build.0 = Debug|Any CPU
		{751C7EBB-3039-4F2C-B3A7-8796609DA306}.Debug|iPhoneSimulator.ActiveCfg = Debug|Any CPU
		{751C7EBB-3039-4F2C-B3A7-8796609DA306}.Debug|iPhoneSimulator.Build.0 = Debug|Any CPU
		{751C7EBB-3039-4F2C-B3A7-8796609DA306}.Debug|x64.ActiveCfg = Debug|Any CPU
		{751C7EBB-3039-4F2C-B3A7-8796609DA306}.Debug|x64.Build.0 = Debug|Any CPU
		{751C7EBB-3039-4F2C-B3A7-8796609DA306}.Debug|x86.ActiveCfg = Debug|Any CPU
		{751C7EBB-3039-4F2C-B3A7-8796609DA306}.Debug|x86.Build.0 = Debug|Any CPU
		{751C7EBB-3039-4F2C-B3A7-8796609DA306}.Release|Any CPU.ActiveCfg = Release|Any CPU
		{751C7EBB-3039-4F2C-B3A7-8796609DA306}.Release|Any CPU.Build.0 = Release|Any CPU
		{751C7EBB-3039-4F2C-B3A7-8796609DA306}.Release|ARM.ActiveCfg = Release|Any CPU
		{751C7EBB-3039-4F2C-B3A7-8796609DA306}.Release|ARM.Build.0 = Release|Any CPU
		{751C7EBB-3039-4F2C-B3A7-8796609DA306}.Release|ARM64.ActiveCfg = Release|Any CPU
		{751C7EBB-3039-4F2C-B3A7-8796609DA306}.Release|ARM64.Build.0 = Release|Any CPU
		{751C7EBB-3039-4F2C-B3A7-8796609DA306}.Release|iPhone.ActiveCfg = Release|Any CPU
		{751C7EBB-3039-4F2C-B3A7-8796609DA306}.Release|iPhone.Build.0 = Release|Any CPU
		{751C7EBB-3039-4F2C-B3A7-8796609DA306}.Release|iPhoneSimulator.ActiveCfg = Release|Any CPU
		{751C7EBB-3039-4F2C-B3A7-8796609DA306}.Release|iPhoneSimulator.Build.0 = Release|Any CPU
		{751C7EBB-3039-4F2C-B3A7-8796609DA306}.Release|x64.ActiveCfg = Release|Any CPU
		{751C7EBB-3039-4F2C-B3A7-8796609DA306}.Release|x64.Build.0 = Release|Any CPU
		{751C7EBB-3039-4F2C-B3A7-8796609DA306}.Release|x86.ActiveCfg = Release|Any CPU
		{751C7EBB-3039-4F2C-B3A7-8796609DA306}.Release|x86.Build.0 = Release|Any CPU
		{7CBDFA75-358F-4BB1-91C6-9F6789C56CA2}.Ad-Hoc|Any CPU.ActiveCfg = Release|Any CPU
		{7CBDFA75-358F-4BB1-91C6-9F6789C56CA2}.Ad-Hoc|Any CPU.Build.0 = Release|Any CPU
		{7CBDFA75-358F-4BB1-91C6-9F6789C56CA2}.Ad-Hoc|ARM.ActiveCfg = Release|Any CPU
		{7CBDFA75-358F-4BB1-91C6-9F6789C56CA2}.Ad-Hoc|ARM.Build.0 = Release|Any CPU
		{7CBDFA75-358F-4BB1-91C6-9F6789C56CA2}.Ad-Hoc|ARM64.ActiveCfg = Release|Any CPU
		{7CBDFA75-358F-4BB1-91C6-9F6789C56CA2}.Ad-Hoc|ARM64.Build.0 = Release|Any CPU
		{7CBDFA75-358F-4BB1-91C6-9F6789C56CA2}.Ad-Hoc|iPhone.ActiveCfg = Release|Any CPU
		{7CBDFA75-358F-4BB1-91C6-9F6789C56CA2}.Ad-Hoc|iPhone.Build.0 = Release|Any CPU
		{7CBDFA75-358F-4BB1-91C6-9F6789C56CA2}.Ad-Hoc|iPhoneSimulator.ActiveCfg = Release|Any CPU
		{7CBDFA75-358F-4BB1-91C6-9F6789C56CA2}.Ad-Hoc|iPhoneSimulator.Build.0 = Release|Any CPU
		{7CBDFA75-358F-4BB1-91C6-9F6789C56CA2}.Ad-Hoc|x64.ActiveCfg = Release|Any CPU
		{7CBDFA75-358F-4BB1-91C6-9F6789C56CA2}.Ad-Hoc|x64.Build.0 = Release|Any CPU
		{7CBDFA75-358F-4BB1-91C6-9F6789C56CA2}.Ad-Hoc|x86.ActiveCfg = Release|Any CPU
		{7CBDFA75-358F-4BB1-91C6-9F6789C56CA2}.Ad-Hoc|x86.Build.0 = Release|Any CPU
		{7CBDFA75-358F-4BB1-91C6-9F6789C56CA2}.AppStore|Any CPU.ActiveCfg = Release|Any CPU
		{7CBDFA75-358F-4BB1-91C6-9F6789C56CA2}.AppStore|Any CPU.Build.0 = Release|Any CPU
		{7CBDFA75-358F-4BB1-91C6-9F6789C56CA2}.AppStore|ARM.ActiveCfg = Release|Any CPU
		{7CBDFA75-358F-4BB1-91C6-9F6789C56CA2}.AppStore|ARM.Build.0 = Release|Any CPU
		{7CBDFA75-358F-4BB1-91C6-9F6789C56CA2}.AppStore|ARM64.ActiveCfg = Release|Any CPU
		{7CBDFA75-358F-4BB1-91C6-9F6789C56CA2}.AppStore|ARM64.Build.0 = Release|Any CPU
		{7CBDFA75-358F-4BB1-91C6-9F6789C56CA2}.AppStore|iPhone.ActiveCfg = Release|Any CPU
		{7CBDFA75-358F-4BB1-91C6-9F6789C56CA2}.AppStore|iPhone.Build.0 = Release|Any CPU
		{7CBDFA75-358F-4BB1-91C6-9F6789C56CA2}.AppStore|iPhoneSimulator.ActiveCfg = Release|Any CPU
		{7CBDFA75-358F-4BB1-91C6-9F6789C56CA2}.AppStore|iPhoneSimulator.Build.0 = Release|Any CPU
		{7CBDFA75-358F-4BB1-91C6-9F6789C56CA2}.AppStore|x64.ActiveCfg = Release|Any CPU
		{7CBDFA75-358F-4BB1-91C6-9F6789C56CA2}.AppStore|x64.Build.0 = Release|Any CPU
		{7CBDFA75-358F-4BB1-91C6-9F6789C56CA2}.AppStore|x86.ActiveCfg = Release|Any CPU
		{7CBDFA75-358F-4BB1-91C6-9F6789C56CA2}.AppStore|x86.Build.0 = Release|Any CPU
		{7CBDFA75-358F-4BB1-91C6-9F6789C56CA2}.Debug|Any CPU.ActiveCfg = Debug|Any CPU
		{7CBDFA75-358F-4BB1-91C6-9F6789C56CA2}.Debug|Any CPU.Build.0 = Debug|Any CPU
		{7CBDFA75-358F-4BB1-91C6-9F6789C56CA2}.Debug|ARM.ActiveCfg = Debug|Any CPU
		{7CBDFA75-358F-4BB1-91C6-9F6789C56CA2}.Debug|ARM.Build.0 = Debug|Any CPU
		{7CBDFA75-358F-4BB1-91C6-9F6789C56CA2}.Debug|ARM64.ActiveCfg = Debug|Any CPU
		{7CBDFA75-358F-4BB1-91C6-9F6789C56CA2}.Debug|ARM64.Build.0 = Debug|Any CPU
		{7CBDFA75-358F-4BB1-91C6-9F6789C56CA2}.Debug|iPhone.ActiveCfg = Debug|Any CPU
		{7CBDFA75-358F-4BB1-91C6-9F6789C56CA2}.Debug|iPhone.Build.0 = Debug|Any CPU
		{7CBDFA75-358F-4BB1-91C6-9F6789C56CA2}.Debug|iPhoneSimulator.ActiveCfg = Debug|Any CPU
		{7CBDFA75-358F-4BB1-91C6-9F6789C56CA2}.Debug|iPhoneSimulator.Build.0 = Debug|Any CPU
		{7CBDFA75-358F-4BB1-91C6-9F6789C56CA2}.Debug|x64.ActiveCfg = Debug|Any CPU
		{7CBDFA75-358F-4BB1-91C6-9F6789C56CA2}.Debug|x64.Build.0 = Debug|Any CPU
		{7CBDFA75-358F-4BB1-91C6-9F6789C56CA2}.Debug|x86.ActiveCfg = Debug|Any CPU
		{7CBDFA75-358F-4BB1-91C6-9F6789C56CA2}.Debug|x86.Build.0 = Debug|Any CPU
		{7CBDFA75-358F-4BB1-91C6-9F6789C56CA2}.Release|Any CPU.ActiveCfg = Release|Any CPU
		{7CBDFA75-358F-4BB1-91C6-9F6789C56CA2}.Release|Any CPU.Build.0 = Release|Any CPU
		{7CBDFA75-358F-4BB1-91C6-9F6789C56CA2}.Release|ARM.ActiveCfg = Release|Any CPU
		{7CBDFA75-358F-4BB1-91C6-9F6789C56CA2}.Release|ARM.Build.0 = Release|Any CPU
		{7CBDFA75-358F-4BB1-91C6-9F6789C56CA2}.Release|ARM64.ActiveCfg = Release|Any CPU
		{7CBDFA75-358F-4BB1-91C6-9F6789C56CA2}.Release|ARM64.Build.0 = Release|Any CPU
		{7CBDFA75-358F-4BB1-91C6-9F6789C56CA2}.Release|iPhone.ActiveCfg = Release|Any CPU
		{7CBDFA75-358F-4BB1-91C6-9F6789C56CA2}.Release|iPhone.Build.0 = Release|Any CPU
		{7CBDFA75-358F-4BB1-91C6-9F6789C56CA2}.Release|iPhoneSimulator.ActiveCfg = Release|Any CPU
		{7CBDFA75-358F-4BB1-91C6-9F6789C56CA2}.Release|iPhoneSimulator.Build.0 = Release|Any CPU
		{7CBDFA75-358F-4BB1-91C6-9F6789C56CA2}.Release|x64.ActiveCfg = Release|Any CPU
		{7CBDFA75-358F-4BB1-91C6-9F6789C56CA2}.Release|x64.Build.0 = Release|Any CPU
		{7CBDFA75-358F-4BB1-91C6-9F6789C56CA2}.Release|x86.ActiveCfg = Release|Any CPU
		{7CBDFA75-358F-4BB1-91C6-9F6789C56CA2}.Release|x86.Build.0 = Release|Any CPU
		{43AEF3EB-AC4C-4640-B63E-C38993035BA8}.Ad-Hoc|Any CPU.ActiveCfg = Release|Any CPU
		{43AEF3EB-AC4C-4640-B63E-C38993035BA8}.Ad-Hoc|Any CPU.Build.0 = Release|Any CPU
		{43AEF3EB-AC4C-4640-B63E-C38993035BA8}.Ad-Hoc|ARM.ActiveCfg = Release|Any CPU
		{43AEF3EB-AC4C-4640-B63E-C38993035BA8}.Ad-Hoc|ARM.Build.0 = Release|Any CPU
		{43AEF3EB-AC4C-4640-B63E-C38993035BA8}.Ad-Hoc|ARM64.ActiveCfg = Release|Any CPU
		{43AEF3EB-AC4C-4640-B63E-C38993035BA8}.Ad-Hoc|ARM64.Build.0 = Release|Any CPU
		{43AEF3EB-AC4C-4640-B63E-C38993035BA8}.Ad-Hoc|iPhone.ActiveCfg = Release|Any CPU
		{43AEF3EB-AC4C-4640-B63E-C38993035BA8}.Ad-Hoc|iPhone.Build.0 = Release|Any CPU
		{43AEF3EB-AC4C-4640-B63E-C38993035BA8}.Ad-Hoc|iPhoneSimulator.ActiveCfg = Release|Any CPU
		{43AEF3EB-AC4C-4640-B63E-C38993035BA8}.Ad-Hoc|iPhoneSimulator.Build.0 = Release|Any CPU
		{43AEF3EB-AC4C-4640-B63E-C38993035BA8}.Ad-Hoc|x64.ActiveCfg = Release|Any CPU
		{43AEF3EB-AC4C-4640-B63E-C38993035BA8}.Ad-Hoc|x64.Build.0 = Release|Any CPU
		{43AEF3EB-AC4C-4640-B63E-C38993035BA8}.Ad-Hoc|x86.ActiveCfg = Release|Any CPU
		{43AEF3EB-AC4C-4640-B63E-C38993035BA8}.Ad-Hoc|x86.Build.0 = Release|Any CPU
		{43AEF3EB-AC4C-4640-B63E-C38993035BA8}.AppStore|Any CPU.ActiveCfg = Release|Any CPU
		{43AEF3EB-AC4C-4640-B63E-C38993035BA8}.AppStore|Any CPU.Build.0 = Release|Any CPU
		{43AEF3EB-AC4C-4640-B63E-C38993035BA8}.AppStore|ARM.ActiveCfg = Release|Any CPU
		{43AEF3EB-AC4C-4640-B63E-C38993035BA8}.AppStore|ARM.Build.0 = Release|Any CPU
		{43AEF3EB-AC4C-4640-B63E-C38993035BA8}.AppStore|ARM64.ActiveCfg = Release|Any CPU
		{43AEF3EB-AC4C-4640-B63E-C38993035BA8}.AppStore|ARM64.Build.0 = Release|Any CPU
		{43AEF3EB-AC4C-4640-B63E-C38993035BA8}.AppStore|iPhone.ActiveCfg = Release|Any CPU
		{43AEF3EB-AC4C-4640-B63E-C38993035BA8}.AppStore|iPhone.Build.0 = Release|Any CPU
		{43AEF3EB-AC4C-4640-B63E-C38993035BA8}.AppStore|iPhoneSimulator.ActiveCfg = Release|Any CPU
		{43AEF3EB-AC4C-4640-B63E-C38993035BA8}.AppStore|iPhoneSimulator.Build.0 = Release|Any CPU
		{43AEF3EB-AC4C-4640-B63E-C38993035BA8}.AppStore|x64.ActiveCfg = Release|Any CPU
		{43AEF3EB-AC4C-4640-B63E-C38993035BA8}.AppStore|x64.Build.0 = Release|Any CPU
		{43AEF3EB-AC4C-4640-B63E-C38993035BA8}.AppStore|x86.ActiveCfg = Release|Any CPU
		{43AEF3EB-AC4C-4640-B63E-C38993035BA8}.AppStore|x86.Build.0 = Release|Any CPU
		{43AEF3EB-AC4C-4640-B63E-C38993035BA8}.Debug|Any CPU.ActiveCfg = Debug|Any CPU
		{43AEF3EB-AC4C-4640-B63E-C38993035BA8}.Debug|Any CPU.Build.0 = Debug|Any CPU
		{43AEF3EB-AC4C-4640-B63E-C38993035BA8}.Debug|ARM.ActiveCfg = Debug|Any CPU
		{43AEF3EB-AC4C-4640-B63E-C38993035BA8}.Debug|ARM.Build.0 = Debug|Any CPU
		{43AEF3EB-AC4C-4640-B63E-C38993035BA8}.Debug|ARM64.ActiveCfg = Debug|Any CPU
		{43AEF3EB-AC4C-4640-B63E-C38993035BA8}.Debug|ARM64.Build.0 = Debug|Any CPU
		{43AEF3EB-AC4C-4640-B63E-C38993035BA8}.Debug|iPhone.ActiveCfg = Debug|Any CPU
		{43AEF3EB-AC4C-4640-B63E-C38993035BA8}.Debug|iPhone.Build.0 = Debug|Any CPU
		{43AEF3EB-AC4C-4640-B63E-C38993035BA8}.Debug|iPhoneSimulator.ActiveCfg = Debug|Any CPU
		{43AEF3EB-AC4C-4640-B63E-C38993035BA8}.Debug|iPhoneSimulator.Build.0 = Debug|Any CPU
		{43AEF3EB-AC4C-4640-B63E-C38993035BA8}.Debug|x64.ActiveCfg = Debug|Any CPU
		{43AEF3EB-AC4C-4640-B63E-C38993035BA8}.Debug|x64.Build.0 = Debug|Any CPU
		{43AEF3EB-AC4C-4640-B63E-C38993035BA8}.Debug|x86.ActiveCfg = Debug|Any CPU
		{43AEF3EB-AC4C-4640-B63E-C38993035BA8}.Debug|x86.Build.0 = Debug|Any CPU
		{43AEF3EB-AC4C-4640-B63E-C38993035BA8}.Release|Any CPU.ActiveCfg = Release|Any CPU
		{43AEF3EB-AC4C-4640-B63E-C38993035BA8}.Release|Any CPU.Build.0 = Release|Any CPU
		{43AEF3EB-AC4C-4640-B63E-C38993035BA8}.Release|ARM.ActiveCfg = Release|Any CPU
		{43AEF3EB-AC4C-4640-B63E-C38993035BA8}.Release|ARM.Build.0 = Release|Any CPU
		{43AEF3EB-AC4C-4640-B63E-C38993035BA8}.Release|ARM64.ActiveCfg = Release|Any CPU
		{43AEF3EB-AC4C-4640-B63E-C38993035BA8}.Release|ARM64.Build.0 = Release|Any CPU
		{43AEF3EB-AC4C-4640-B63E-C38993035BA8}.Release|iPhone.ActiveCfg = Release|Any CPU
		{43AEF3EB-AC4C-4640-B63E-C38993035BA8}.Release|iPhone.Build.0 = Release|Any CPU
		{43AEF3EB-AC4C-4640-B63E-C38993035BA8}.Release|iPhoneSimulator.ActiveCfg = Release|Any CPU
		{43AEF3EB-AC4C-4640-B63E-C38993035BA8}.Release|iPhoneSimulator.Build.0 = Release|Any CPU
		{43AEF3EB-AC4C-4640-B63E-C38993035BA8}.Release|x64.ActiveCfg = Release|Any CPU
		{43AEF3EB-AC4C-4640-B63E-C38993035BA8}.Release|x64.Build.0 = Release|Any CPU
		{43AEF3EB-AC4C-4640-B63E-C38993035BA8}.Release|x86.ActiveCfg = Release|Any CPU
		{43AEF3EB-AC4C-4640-B63E-C38993035BA8}.Release|x86.Build.0 = Release|Any CPU
		{C56A34FA-2FF7-4FF5-B0CA-F251E3916BED}.Ad-Hoc|Any CPU.ActiveCfg = Release|Any CPU
		{C56A34FA-2FF7-4FF5-B0CA-F251E3916BED}.Ad-Hoc|Any CPU.Build.0 = Release|Any CPU
		{C56A34FA-2FF7-4FF5-B0CA-F251E3916BED}.Ad-Hoc|ARM.ActiveCfg = Release|Any CPU
		{C56A34FA-2FF7-4FF5-B0CA-F251E3916BED}.Ad-Hoc|ARM.Build.0 = Release|Any CPU
		{C56A34FA-2FF7-4FF5-B0CA-F251E3916BED}.Ad-Hoc|ARM64.ActiveCfg = Release|Any CPU
		{C56A34FA-2FF7-4FF5-B0CA-F251E3916BED}.Ad-Hoc|ARM64.Build.0 = Release|Any CPU
		{C56A34FA-2FF7-4FF5-B0CA-F251E3916BED}.Ad-Hoc|iPhone.ActiveCfg = Release|Any CPU
		{C56A34FA-2FF7-4FF5-B0CA-F251E3916BED}.Ad-Hoc|iPhone.Build.0 = Release|Any CPU
		{C56A34FA-2FF7-4FF5-B0CA-F251E3916BED}.Ad-Hoc|iPhoneSimulator.ActiveCfg = Release|Any CPU
		{C56A34FA-2FF7-4FF5-B0CA-F251E3916BED}.Ad-Hoc|iPhoneSimulator.Build.0 = Release|Any CPU
		{C56A34FA-2FF7-4FF5-B0CA-F251E3916BED}.Ad-Hoc|x64.ActiveCfg = Release|Any CPU
		{C56A34FA-2FF7-4FF5-B0CA-F251E3916BED}.Ad-Hoc|x64.Build.0 = Release|Any CPU
		{C56A34FA-2FF7-4FF5-B0CA-F251E3916BED}.Ad-Hoc|x86.ActiveCfg = Release|Any CPU
		{C56A34FA-2FF7-4FF5-B0CA-F251E3916BED}.Ad-Hoc|x86.Build.0 = Release|Any CPU
		{C56A34FA-2FF7-4FF5-B0CA-F251E3916BED}.AppStore|Any CPU.ActiveCfg = Release|Any CPU
		{C56A34FA-2FF7-4FF5-B0CA-F251E3916BED}.AppStore|Any CPU.Build.0 = Release|Any CPU
		{C56A34FA-2FF7-4FF5-B0CA-F251E3916BED}.AppStore|ARM.ActiveCfg = Release|Any CPU
		{C56A34FA-2FF7-4FF5-B0CA-F251E3916BED}.AppStore|ARM.Build.0 = Release|Any CPU
		{C56A34FA-2FF7-4FF5-B0CA-F251E3916BED}.AppStore|ARM64.ActiveCfg = Release|Any CPU
		{C56A34FA-2FF7-4FF5-B0CA-F251E3916BED}.AppStore|ARM64.Build.0 = Release|Any CPU
		{C56A34FA-2FF7-4FF5-B0CA-F251E3916BED}.AppStore|iPhone.ActiveCfg = Release|Any CPU
		{C56A34FA-2FF7-4FF5-B0CA-F251E3916BED}.AppStore|iPhone.Build.0 = Release|Any CPU
		{C56A34FA-2FF7-4FF5-B0CA-F251E3916BED}.AppStore|iPhoneSimulator.ActiveCfg = Release|Any CPU
		{C56A34FA-2FF7-4FF5-B0CA-F251E3916BED}.AppStore|iPhoneSimulator.Build.0 = Release|Any CPU
		{C56A34FA-2FF7-4FF5-B0CA-F251E3916BED}.AppStore|x64.ActiveCfg = Release|Any CPU
		{C56A34FA-2FF7-4FF5-B0CA-F251E3916BED}.AppStore|x64.Build.0 = Release|Any CPU
		{C56A34FA-2FF7-4FF5-B0CA-F251E3916BED}.AppStore|x86.ActiveCfg = Release|Any CPU
		{C56A34FA-2FF7-4FF5-B0CA-F251E3916BED}.AppStore|x86.Build.0 = Release|Any CPU
		{C56A34FA-2FF7-4FF5-B0CA-F251E3916BED}.Debug|Any CPU.ActiveCfg = Debug|Any CPU
		{C56A34FA-2FF7-4FF5-B0CA-F251E3916BED}.Debug|Any CPU.Build.0 = Debug|Any CPU
		{C56A34FA-2FF7-4FF5-B0CA-F251E3916BED}.Debug|ARM.ActiveCfg = Debug|Any CPU
		{C56A34FA-2FF7-4FF5-B0CA-F251E3916BED}.Debug|ARM.Build.0 = Debug|Any CPU
		{C56A34FA-2FF7-4FF5-B0CA-F251E3916BED}.Debug|ARM64.ActiveCfg = Debug|Any CPU
		{C56A34FA-2FF7-4FF5-B0CA-F251E3916BED}.Debug|ARM64.Build.0 = Debug|Any CPU
		{C56A34FA-2FF7-4FF5-B0CA-F251E3916BED}.Debug|iPhone.ActiveCfg = Debug|Any CPU
		{C56A34FA-2FF7-4FF5-B0CA-F251E3916BED}.Debug|iPhone.Build.0 = Debug|Any CPU
		{C56A34FA-2FF7-4FF5-B0CA-F251E3916BED}.Debug|iPhoneSimulator.ActiveCfg = Debug|Any CPU
		{C56A34FA-2FF7-4FF5-B0CA-F251E3916BED}.Debug|iPhoneSimulator.Build.0 = Debug|Any CPU
		{C56A34FA-2FF7-4FF5-B0CA-F251E3916BED}.Debug|x64.ActiveCfg = Debug|Any CPU
		{C56A34FA-2FF7-4FF5-B0CA-F251E3916BED}.Debug|x64.Build.0 = Debug|Any CPU
		{C56A34FA-2FF7-4FF5-B0CA-F251E3916BED}.Debug|x86.ActiveCfg = Debug|Any CPU
		{C56A34FA-2FF7-4FF5-B0CA-F251E3916BED}.Debug|x86.Build.0 = Debug|Any CPU
		{C56A34FA-2FF7-4FF5-B0CA-F251E3916BED}.Release|Any CPU.ActiveCfg = Release|Any CPU
		{C56A34FA-2FF7-4FF5-B0CA-F251E3916BED}.Release|Any CPU.Build.0 = Release|Any CPU
		{C56A34FA-2FF7-4FF5-B0CA-F251E3916BED}.Release|ARM.ActiveCfg = Release|Any CPU
		{C56A34FA-2FF7-4FF5-B0CA-F251E3916BED}.Release|ARM.Build.0 = Release|Any CPU
		{C56A34FA-2FF7-4FF5-B0CA-F251E3916BED}.Release|ARM64.ActiveCfg = Release|Any CPU
		{C56A34FA-2FF7-4FF5-B0CA-F251E3916BED}.Release|ARM64.Build.0 = Release|Any CPU
		{C56A34FA-2FF7-4FF5-B0CA-F251E3916BED}.Release|iPhone.ActiveCfg = Release|Any CPU
		{C56A34FA-2FF7-4FF5-B0CA-F251E3916BED}.Release|iPhone.Build.0 = Release|Any CPU
		{C56A34FA-2FF7-4FF5-B0CA-F251E3916BED}.Release|iPhoneSimulator.ActiveCfg = Release|Any CPU
		{C56A34FA-2FF7-4FF5-B0CA-F251E3916BED}.Release|iPhoneSimulator.Build.0 = Release|Any CPU
		{C56A34FA-2FF7-4FF5-B0CA-F251E3916BED}.Release|x64.ActiveCfg = Release|Any CPU
		{C56A34FA-2FF7-4FF5-B0CA-F251E3916BED}.Release|x64.Build.0 = Release|Any CPU
		{C56A34FA-2FF7-4FF5-B0CA-F251E3916BED}.Release|x86.ActiveCfg = Release|Any CPU
		{C56A34FA-2FF7-4FF5-B0CA-F251E3916BED}.Release|x86.Build.0 = Release|Any CPU
		{E9BA490E-4E77-491A-BF57-1A3EF990C3CE}.Ad-Hoc|Any CPU.ActiveCfg = Release|Any CPU
		{E9BA490E-4E77-491A-BF57-1A3EF990C3CE}.Ad-Hoc|Any CPU.Build.0 = Release|Any CPU
		{E9BA490E-4E77-491A-BF57-1A3EF990C3CE}.Ad-Hoc|ARM.ActiveCfg = Release|Any CPU
		{E9BA490E-4E77-491A-BF57-1A3EF990C3CE}.Ad-Hoc|ARM.Build.0 = Release|Any CPU
		{E9BA490E-4E77-491A-BF57-1A3EF990C3CE}.Ad-Hoc|ARM64.ActiveCfg = Release|Any CPU
		{E9BA490E-4E77-491A-BF57-1A3EF990C3CE}.Ad-Hoc|ARM64.Build.0 = Release|Any CPU
		{E9BA490E-4E77-491A-BF57-1A3EF990C3CE}.Ad-Hoc|iPhone.ActiveCfg = Release|Any CPU
		{E9BA490E-4E77-491A-BF57-1A3EF990C3CE}.Ad-Hoc|iPhone.Build.0 = Release|Any CPU
		{E9BA490E-4E77-491A-BF57-1A3EF990C3CE}.Ad-Hoc|iPhoneSimulator.ActiveCfg = Release|Any CPU
		{E9BA490E-4E77-491A-BF57-1A3EF990C3CE}.Ad-Hoc|iPhoneSimulator.Build.0 = Release|Any CPU
		{E9BA490E-4E77-491A-BF57-1A3EF990C3CE}.Ad-Hoc|x64.ActiveCfg = Release|Any CPU
		{E9BA490E-4E77-491A-BF57-1A3EF990C3CE}.Ad-Hoc|x64.Build.0 = Release|Any CPU
		{E9BA490E-4E77-491A-BF57-1A3EF990C3CE}.Ad-Hoc|x86.ActiveCfg = Release|Any CPU
		{E9BA490E-4E77-491A-BF57-1A3EF990C3CE}.Ad-Hoc|x86.Build.0 = Release|Any CPU
		{E9BA490E-4E77-491A-BF57-1A3EF990C3CE}.AppStore|Any CPU.ActiveCfg = Release|Any CPU
		{E9BA490E-4E77-491A-BF57-1A3EF990C3CE}.AppStore|Any CPU.Build.0 = Release|Any CPU
		{E9BA490E-4E77-491A-BF57-1A3EF990C3CE}.AppStore|ARM.ActiveCfg = Release|Any CPU
		{E9BA490E-4E77-491A-BF57-1A3EF990C3CE}.AppStore|ARM.Build.0 = Release|Any CPU
		{E9BA490E-4E77-491A-BF57-1A3EF990C3CE}.AppStore|ARM64.ActiveCfg = Release|Any CPU
		{E9BA490E-4E77-491A-BF57-1A3EF990C3CE}.AppStore|ARM64.Build.0 = Release|Any CPU
		{E9BA490E-4E77-491A-BF57-1A3EF990C3CE}.AppStore|iPhone.ActiveCfg = Release|Any CPU
		{E9BA490E-4E77-491A-BF57-1A3EF990C3CE}.AppStore|iPhone.Build.0 = Release|Any CPU
		{E9BA490E-4E77-491A-BF57-1A3EF990C3CE}.AppStore|iPhoneSimulator.ActiveCfg = Release|Any CPU
		{E9BA490E-4E77-491A-BF57-1A3EF990C3CE}.AppStore|iPhoneSimulator.Build.0 = Release|Any CPU
		{E9BA490E-4E77-491A-BF57-1A3EF990C3CE}.AppStore|x64.ActiveCfg = Release|Any CPU
		{E9BA490E-4E77-491A-BF57-1A3EF990C3CE}.AppStore|x64.Build.0 = Release|Any CPU
		{E9BA490E-4E77-491A-BF57-1A3EF990C3CE}.AppStore|x86.ActiveCfg = Release|Any CPU
		{E9BA490E-4E77-491A-BF57-1A3EF990C3CE}.AppStore|x86.Build.0 = Release|Any CPU
		{E9BA490E-4E77-491A-BF57-1A3EF990C3CE}.Debug|Any CPU.ActiveCfg = Debug|Any CPU
		{E9BA490E-4E77-491A-BF57-1A3EF990C3CE}.Debug|Any CPU.Build.0 = Debug|Any CPU
		{E9BA490E-4E77-491A-BF57-1A3EF990C3CE}.Debug|ARM.ActiveCfg = Debug|Any CPU
		{E9BA490E-4E77-491A-BF57-1A3EF990C3CE}.Debug|ARM.Build.0 = Debug|Any CPU
		{E9BA490E-4E77-491A-BF57-1A3EF990C3CE}.Debug|ARM64.ActiveCfg = Debug|Any CPU
		{E9BA490E-4E77-491A-BF57-1A3EF990C3CE}.Debug|ARM64.Build.0 = Debug|Any CPU
		{E9BA490E-4E77-491A-BF57-1A3EF990C3CE}.Debug|iPhone.ActiveCfg = Debug|Any CPU
		{E9BA490E-4E77-491A-BF57-1A3EF990C3CE}.Debug|iPhone.Build.0 = Debug|Any CPU
		{E9BA490E-4E77-491A-BF57-1A3EF990C3CE}.Debug|iPhoneSimulator.ActiveCfg = Debug|Any CPU
		{E9BA490E-4E77-491A-BF57-1A3EF990C3CE}.Debug|iPhoneSimulator.Build.0 = Debug|Any CPU
		{E9BA490E-4E77-491A-BF57-1A3EF990C3CE}.Debug|x64.ActiveCfg = Debug|Any CPU
		{E9BA490E-4E77-491A-BF57-1A3EF990C3CE}.Debug|x64.Build.0 = Debug|Any CPU
		{E9BA490E-4E77-491A-BF57-1A3EF990C3CE}.Debug|x86.ActiveCfg = Debug|Any CPU
		{E9BA490E-4E77-491A-BF57-1A3EF990C3CE}.Debug|x86.Build.0 = Debug|Any CPU
		{E9BA490E-4E77-491A-BF57-1A3EF990C3CE}.Release|Any CPU.ActiveCfg = Release|Any CPU
		{E9BA490E-4E77-491A-BF57-1A3EF990C3CE}.Release|Any CPU.Build.0 = Release|Any CPU
		{E9BA490E-4E77-491A-BF57-1A3EF990C3CE}.Release|ARM.ActiveCfg = Release|Any CPU
		{E9BA490E-4E77-491A-BF57-1A3EF990C3CE}.Release|ARM.Build.0 = Release|Any CPU
		{E9BA490E-4E77-491A-BF57-1A3EF990C3CE}.Release|ARM64.ActiveCfg = Release|Any CPU
		{E9BA490E-4E77-491A-BF57-1A3EF990C3CE}.Release|ARM64.Build.0 = Release|Any CPU
		{E9BA490E-4E77-491A-BF57-1A3EF990C3CE}.Release|iPhone.ActiveCfg = Release|Any CPU
		{E9BA490E-4E77-491A-BF57-1A3EF990C3CE}.Release|iPhone.Build.0 = Release|Any CPU
		{E9BA490E-4E77-491A-BF57-1A3EF990C3CE}.Release|iPhoneSimulator.ActiveCfg = Release|Any CPU
		{E9BA490E-4E77-491A-BF57-1A3EF990C3CE}.Release|iPhoneSimulator.Build.0 = Release|Any CPU
		{E9BA490E-4E77-491A-BF57-1A3EF990C3CE}.Release|x64.ActiveCfg = Release|Any CPU
		{E9BA490E-4E77-491A-BF57-1A3EF990C3CE}.Release|x64.Build.0 = Release|Any CPU
		{E9BA490E-4E77-491A-BF57-1A3EF990C3CE}.Release|x86.ActiveCfg = Release|Any CPU
		{E9BA490E-4E77-491A-BF57-1A3EF990C3CE}.Release|x86.Build.0 = Release|Any CPU
		{9D1AE4F8-8221-4E81-9070-B41502149C1C}.Ad-Hoc|Any CPU.ActiveCfg = Release|Any CPU
		{9D1AE4F8-8221-4E81-9070-B41502149C1C}.Ad-Hoc|Any CPU.Build.0 = Release|Any CPU
		{9D1AE4F8-8221-4E81-9070-B41502149C1C}.Ad-Hoc|ARM.ActiveCfg = Release|Any CPU
		{9D1AE4F8-8221-4E81-9070-B41502149C1C}.Ad-Hoc|ARM.Build.0 = Release|Any CPU
		{9D1AE4F8-8221-4E81-9070-B41502149C1C}.Ad-Hoc|ARM64.ActiveCfg = Release|Any CPU
		{9D1AE4F8-8221-4E81-9070-B41502149C1C}.Ad-Hoc|ARM64.Build.0 = Release|Any CPU
		{9D1AE4F8-8221-4E81-9070-B41502149C1C}.Ad-Hoc|iPhone.ActiveCfg = Release|Any CPU
		{9D1AE4F8-8221-4E81-9070-B41502149C1C}.Ad-Hoc|iPhone.Build.0 = Release|Any CPU
		{9D1AE4F8-8221-4E81-9070-B41502149C1C}.Ad-Hoc|iPhoneSimulator.ActiveCfg = Release|Any CPU
		{9D1AE4F8-8221-4E81-9070-B41502149C1C}.Ad-Hoc|iPhoneSimulator.Build.0 = Release|Any CPU
		{9D1AE4F8-8221-4E81-9070-B41502149C1C}.Ad-Hoc|x64.ActiveCfg = Release|Any CPU
		{9D1AE4F8-8221-4E81-9070-B41502149C1C}.Ad-Hoc|x64.Build.0 = Release|Any CPU
		{9D1AE4F8-8221-4E81-9070-B41502149C1C}.Ad-Hoc|x86.ActiveCfg = Release|Any CPU
		{9D1AE4F8-8221-4E81-9070-B41502149C1C}.Ad-Hoc|x86.Build.0 = Release|Any CPU
		{9D1AE4F8-8221-4E81-9070-B41502149C1C}.AppStore|Any CPU.ActiveCfg = Release|Any CPU
		{9D1AE4F8-8221-4E81-9070-B41502149C1C}.AppStore|Any CPU.Build.0 = Release|Any CPU
		{9D1AE4F8-8221-4E81-9070-B41502149C1C}.AppStore|ARM.ActiveCfg = Release|Any CPU
		{9D1AE4F8-8221-4E81-9070-B41502149C1C}.AppStore|ARM.Build.0 = Release|Any CPU
		{9D1AE4F8-8221-4E81-9070-B41502149C1C}.AppStore|ARM64.ActiveCfg = Release|Any CPU
		{9D1AE4F8-8221-4E81-9070-B41502149C1C}.AppStore|ARM64.Build.0 = Release|Any CPU
		{9D1AE4F8-8221-4E81-9070-B41502149C1C}.AppStore|iPhone.ActiveCfg = Release|Any CPU
		{9D1AE4F8-8221-4E81-9070-B41502149C1C}.AppStore|iPhone.Build.0 = Release|Any CPU
		{9D1AE4F8-8221-4E81-9070-B41502149C1C}.AppStore|iPhoneSimulator.ActiveCfg = Release|Any CPU
		{9D1AE4F8-8221-4E81-9070-B41502149C1C}.AppStore|iPhoneSimulator.Build.0 = Release|Any CPU
		{9D1AE4F8-8221-4E81-9070-B41502149C1C}.AppStore|x64.ActiveCfg = Release|Any CPU
		{9D1AE4F8-8221-4E81-9070-B41502149C1C}.AppStore|x64.Build.0 = Release|Any CPU
		{9D1AE4F8-8221-4E81-9070-B41502149C1C}.AppStore|x86.ActiveCfg = Release|Any CPU
		{9D1AE4F8-8221-4E81-9070-B41502149C1C}.AppStore|x86.Build.0 = Release|Any CPU
		{9D1AE4F8-8221-4E81-9070-B41502149C1C}.Debug|Any CPU.ActiveCfg = Debug|Any CPU
		{9D1AE4F8-8221-4E81-9070-B41502149C1C}.Debug|Any CPU.Build.0 = Debug|Any CPU
		{9D1AE4F8-8221-4E81-9070-B41502149C1C}.Debug|ARM.ActiveCfg = Debug|Any CPU
		{9D1AE4F8-8221-4E81-9070-B41502149C1C}.Debug|ARM.Build.0 = Debug|Any CPU
		{9D1AE4F8-8221-4E81-9070-B41502149C1C}.Debug|ARM64.ActiveCfg = Debug|Any CPU
		{9D1AE4F8-8221-4E81-9070-B41502149C1C}.Debug|ARM64.Build.0 = Debug|Any CPU
		{9D1AE4F8-8221-4E81-9070-B41502149C1C}.Debug|iPhone.ActiveCfg = Debug|Any CPU
		{9D1AE4F8-8221-4E81-9070-B41502149C1C}.Debug|iPhone.Build.0 = Debug|Any CPU
		{9D1AE4F8-8221-4E81-9070-B41502149C1C}.Debug|iPhoneSimulator.ActiveCfg = Debug|Any CPU
		{9D1AE4F8-8221-4E81-9070-B41502149C1C}.Debug|iPhoneSimulator.Build.0 = Debug|Any CPU
		{9D1AE4F8-8221-4E81-9070-B41502149C1C}.Debug|x64.ActiveCfg = Debug|Any CPU
		{9D1AE4F8-8221-4E81-9070-B41502149C1C}.Debug|x64.Build.0 = Debug|Any CPU
		{9D1AE4F8-8221-4E81-9070-B41502149C1C}.Debug|x86.ActiveCfg = Debug|Any CPU
		{9D1AE4F8-8221-4E81-9070-B41502149C1C}.Debug|x86.Build.0 = Debug|Any CPU
		{9D1AE4F8-8221-4E81-9070-B41502149C1C}.Release|Any CPU.ActiveCfg = Release|Any CPU
		{9D1AE4F8-8221-4E81-9070-B41502149C1C}.Release|Any CPU.Build.0 = Release|Any CPU
		{9D1AE4F8-8221-4E81-9070-B41502149C1C}.Release|ARM.ActiveCfg = Release|Any CPU
		{9D1AE4F8-8221-4E81-9070-B41502149C1C}.Release|ARM.Build.0 = Release|Any CPU
		{9D1AE4F8-8221-4E81-9070-B41502149C1C}.Release|ARM64.ActiveCfg = Release|Any CPU
		{9D1AE4F8-8221-4E81-9070-B41502149C1C}.Release|ARM64.Build.0 = Release|Any CPU
		{9D1AE4F8-8221-4E81-9070-B41502149C1C}.Release|iPhone.ActiveCfg = Release|Any CPU
		{9D1AE4F8-8221-4E81-9070-B41502149C1C}.Release|iPhone.Build.0 = Release|Any CPU
		{9D1AE4F8-8221-4E81-9070-B41502149C1C}.Release|iPhoneSimulator.ActiveCfg = Release|Any CPU
		{9D1AE4F8-8221-4E81-9070-B41502149C1C}.Release|iPhoneSimulator.Build.0 = Release|Any CPU
		{9D1AE4F8-8221-4E81-9070-B41502149C1C}.Release|x64.ActiveCfg = Release|Any CPU
		{9D1AE4F8-8221-4E81-9070-B41502149C1C}.Release|x64.Build.0 = Release|Any CPU
		{9D1AE4F8-8221-4E81-9070-B41502149C1C}.Release|x86.ActiveCfg = Release|Any CPU
		{9D1AE4F8-8221-4E81-9070-B41502149C1C}.Release|x86.Build.0 = Release|Any CPU
		{60858D67-1012-47D9-97EB-A2AA4712834B}.Ad-Hoc|Any CPU.ActiveCfg = Release|Any CPU
		{60858D67-1012-47D9-97EB-A2AA4712834B}.Ad-Hoc|Any CPU.Build.0 = Release|Any CPU
		{60858D67-1012-47D9-97EB-A2AA4712834B}.Ad-Hoc|ARM.ActiveCfg = Release|Any CPU
		{60858D67-1012-47D9-97EB-A2AA4712834B}.Ad-Hoc|ARM.Build.0 = Release|Any CPU
		{60858D67-1012-47D9-97EB-A2AA4712834B}.Ad-Hoc|ARM64.ActiveCfg = Release|Any CPU
		{60858D67-1012-47D9-97EB-A2AA4712834B}.Ad-Hoc|ARM64.Build.0 = Release|Any CPU
		{60858D67-1012-47D9-97EB-A2AA4712834B}.Ad-Hoc|iPhone.ActiveCfg = Release|Any CPU
		{60858D67-1012-47D9-97EB-A2AA4712834B}.Ad-Hoc|iPhone.Build.0 = Release|Any CPU
		{60858D67-1012-47D9-97EB-A2AA4712834B}.Ad-Hoc|iPhoneSimulator.ActiveCfg = Release|Any CPU
		{60858D67-1012-47D9-97EB-A2AA4712834B}.Ad-Hoc|iPhoneSimulator.Build.0 = Release|Any CPU
		{60858D67-1012-47D9-97EB-A2AA4712834B}.Ad-Hoc|x64.ActiveCfg = Release|Any CPU
		{60858D67-1012-47D9-97EB-A2AA4712834B}.Ad-Hoc|x64.Build.0 = Release|Any CPU
		{60858D67-1012-47D9-97EB-A2AA4712834B}.Ad-Hoc|x86.ActiveCfg = Release|Any CPU
		{60858D67-1012-47D9-97EB-A2AA4712834B}.Ad-Hoc|x86.Build.0 = Release|Any CPU
		{60858D67-1012-47D9-97EB-A2AA4712834B}.AppStore|Any CPU.ActiveCfg = Release|Any CPU
		{60858D67-1012-47D9-97EB-A2AA4712834B}.AppStore|Any CPU.Build.0 = Release|Any CPU
		{60858D67-1012-47D9-97EB-A2AA4712834B}.AppStore|ARM.ActiveCfg = Release|Any CPU
		{60858D67-1012-47D9-97EB-A2AA4712834B}.AppStore|ARM.Build.0 = Release|Any CPU
		{60858D67-1012-47D9-97EB-A2AA4712834B}.AppStore|ARM64.ActiveCfg = Release|Any CPU
		{60858D67-1012-47D9-97EB-A2AA4712834B}.AppStore|ARM64.Build.0 = Release|Any CPU
		{60858D67-1012-47D9-97EB-A2AA4712834B}.AppStore|iPhone.ActiveCfg = Release|Any CPU
		{60858D67-1012-47D9-97EB-A2AA4712834B}.AppStore|iPhone.Build.0 = Release|Any CPU
		{60858D67-1012-47D9-97EB-A2AA4712834B}.AppStore|iPhoneSimulator.ActiveCfg = Release|Any CPU
		{60858D67-1012-47D9-97EB-A2AA4712834B}.AppStore|iPhoneSimulator.Build.0 = Release|Any CPU
		{60858D67-1012-47D9-97EB-A2AA4712834B}.AppStore|x64.ActiveCfg = Release|Any CPU
		{60858D67-1012-47D9-97EB-A2AA4712834B}.AppStore|x64.Build.0 = Release|Any CPU
		{60858D67-1012-47D9-97EB-A2AA4712834B}.AppStore|x86.ActiveCfg = Release|Any CPU
		{60858D67-1012-47D9-97EB-A2AA4712834B}.AppStore|x86.Build.0 = Release|Any CPU
		{60858D67-1012-47D9-97EB-A2AA4712834B}.Debug|Any CPU.ActiveCfg = Debug|Any CPU
		{60858D67-1012-47D9-97EB-A2AA4712834B}.Debug|Any CPU.Build.0 = Debug|Any CPU
		{60858D67-1012-47D9-97EB-A2AA4712834B}.Debug|ARM.ActiveCfg = Debug|Any CPU
		{60858D67-1012-47D9-97EB-A2AA4712834B}.Debug|ARM.Build.0 = Debug|Any CPU
		{60858D67-1012-47D9-97EB-A2AA4712834B}.Debug|ARM64.ActiveCfg = Debug|Any CPU
		{60858D67-1012-47D9-97EB-A2AA4712834B}.Debug|ARM64.Build.0 = Debug|Any CPU
		{60858D67-1012-47D9-97EB-A2AA4712834B}.Debug|iPhone.ActiveCfg = Debug|Any CPU
		{60858D67-1012-47D9-97EB-A2AA4712834B}.Debug|iPhone.Build.0 = Debug|Any CPU
		{60858D67-1012-47D9-97EB-A2AA4712834B}.Debug|iPhoneSimulator.ActiveCfg = Debug|Any CPU
		{60858D67-1012-47D9-97EB-A2AA4712834B}.Debug|iPhoneSimulator.Build.0 = Debug|Any CPU
		{60858D67-1012-47D9-97EB-A2AA4712834B}.Debug|x64.ActiveCfg = Debug|Any CPU
		{60858D67-1012-47D9-97EB-A2AA4712834B}.Debug|x64.Build.0 = Debug|Any CPU
		{60858D67-1012-47D9-97EB-A2AA4712834B}.Debug|x86.ActiveCfg = Debug|Any CPU
		{60858D67-1012-47D9-97EB-A2AA4712834B}.Debug|x86.Build.0 = Debug|Any CPU
		{60858D67-1012-47D9-97EB-A2AA4712834B}.Release|Any CPU.ActiveCfg = Release|Any CPU
		{60858D67-1012-47D9-97EB-A2AA4712834B}.Release|Any CPU.Build.0 = Release|Any CPU
		{60858D67-1012-47D9-97EB-A2AA4712834B}.Release|ARM.ActiveCfg = Release|Any CPU
		{60858D67-1012-47D9-97EB-A2AA4712834B}.Release|ARM.Build.0 = Release|Any CPU
		{60858D67-1012-47D9-97EB-A2AA4712834B}.Release|ARM64.ActiveCfg = Release|Any CPU
		{60858D67-1012-47D9-97EB-A2AA4712834B}.Release|ARM64.Build.0 = Release|Any CPU
		{60858D67-1012-47D9-97EB-A2AA4712834B}.Release|iPhone.ActiveCfg = Release|Any CPU
		{60858D67-1012-47D9-97EB-A2AA4712834B}.Release|iPhone.Build.0 = Release|Any CPU
		{60858D67-1012-47D9-97EB-A2AA4712834B}.Release|iPhoneSimulator.ActiveCfg = Release|Any CPU
		{60858D67-1012-47D9-97EB-A2AA4712834B}.Release|iPhoneSimulator.Build.0 = Release|Any CPU
		{60858D67-1012-47D9-97EB-A2AA4712834B}.Release|x64.ActiveCfg = Release|Any CPU
		{60858D67-1012-47D9-97EB-A2AA4712834B}.Release|x64.Build.0 = Release|Any CPU
		{60858D67-1012-47D9-97EB-A2AA4712834B}.Release|x86.ActiveCfg = Release|Any CPU
		{60858D67-1012-47D9-97EB-A2AA4712834B}.Release|x86.Build.0 = Release|Any CPU
		{9CC43AA8-FBC7-4066-AFED-D6E491D141E0}.Ad-Hoc|Any CPU.ActiveCfg = Debug|Any CPU
		{9CC43AA8-FBC7-4066-AFED-D6E491D141E0}.Ad-Hoc|Any CPU.Build.0 = Debug|Any CPU
		{9CC43AA8-FBC7-4066-AFED-D6E491D141E0}.Ad-Hoc|Any CPU.Deploy.0 = Debug|Any CPU
		{9CC43AA8-FBC7-4066-AFED-D6E491D141E0}.Ad-Hoc|ARM.ActiveCfg = Debug|Any CPU
		{9CC43AA8-FBC7-4066-AFED-D6E491D141E0}.Ad-Hoc|ARM.Build.0 = Debug|Any CPU
		{9CC43AA8-FBC7-4066-AFED-D6E491D141E0}.Ad-Hoc|ARM.Deploy.0 = Debug|Any CPU
		{9CC43AA8-FBC7-4066-AFED-D6E491D141E0}.Ad-Hoc|ARM64.ActiveCfg = Debug|Any CPU
		{9CC43AA8-FBC7-4066-AFED-D6E491D141E0}.Ad-Hoc|ARM64.Build.0 = Debug|Any CPU
		{9CC43AA8-FBC7-4066-AFED-D6E491D141E0}.Ad-Hoc|ARM64.Deploy.0 = Debug|Any CPU
		{9CC43AA8-FBC7-4066-AFED-D6E491D141E0}.Ad-Hoc|iPhone.ActiveCfg = Debug|Any CPU
		{9CC43AA8-FBC7-4066-AFED-D6E491D141E0}.Ad-Hoc|iPhone.Build.0 = Debug|Any CPU
		{9CC43AA8-FBC7-4066-AFED-D6E491D141E0}.Ad-Hoc|iPhone.Deploy.0 = Debug|Any CPU
		{9CC43AA8-FBC7-4066-AFED-D6E491D141E0}.Ad-Hoc|iPhoneSimulator.ActiveCfg = Debug|Any CPU
		{9CC43AA8-FBC7-4066-AFED-D6E491D141E0}.Ad-Hoc|iPhoneSimulator.Build.0 = Debug|Any CPU
		{9CC43AA8-FBC7-4066-AFED-D6E491D141E0}.Ad-Hoc|iPhoneSimulator.Deploy.0 = Debug|Any CPU
		{9CC43AA8-FBC7-4066-AFED-D6E491D141E0}.Ad-Hoc|x64.ActiveCfg = Debug|Any CPU
		{9CC43AA8-FBC7-4066-AFED-D6E491D141E0}.Ad-Hoc|x64.Build.0 = Debug|Any CPU
		{9CC43AA8-FBC7-4066-AFED-D6E491D141E0}.Ad-Hoc|x64.Deploy.0 = Debug|Any CPU
		{9CC43AA8-FBC7-4066-AFED-D6E491D141E0}.Ad-Hoc|x86.ActiveCfg = Debug|Any CPU
		{9CC43AA8-FBC7-4066-AFED-D6E491D141E0}.Ad-Hoc|x86.Build.0 = Debug|Any CPU
		{9CC43AA8-FBC7-4066-AFED-D6E491D141E0}.Ad-Hoc|x86.Deploy.0 = Debug|Any CPU
		{9CC43AA8-FBC7-4066-AFED-D6E491D141E0}.AppStore|Any CPU.ActiveCfg = Debug|Any CPU
		{9CC43AA8-FBC7-4066-AFED-D6E491D141E0}.AppStore|Any CPU.Build.0 = Debug|Any CPU
		{9CC43AA8-FBC7-4066-AFED-D6E491D141E0}.AppStore|Any CPU.Deploy.0 = Debug|Any CPU
		{9CC43AA8-FBC7-4066-AFED-D6E491D141E0}.AppStore|ARM.ActiveCfg = Debug|Any CPU
		{9CC43AA8-FBC7-4066-AFED-D6E491D141E0}.AppStore|ARM.Build.0 = Debug|Any CPU
		{9CC43AA8-FBC7-4066-AFED-D6E491D141E0}.AppStore|ARM.Deploy.0 = Debug|Any CPU
		{9CC43AA8-FBC7-4066-AFED-D6E491D141E0}.AppStore|ARM64.ActiveCfg = Debug|Any CPU
		{9CC43AA8-FBC7-4066-AFED-D6E491D141E0}.AppStore|ARM64.Build.0 = Debug|Any CPU
		{9CC43AA8-FBC7-4066-AFED-D6E491D141E0}.AppStore|ARM64.Deploy.0 = Debug|Any CPU
		{9CC43AA8-FBC7-4066-AFED-D6E491D141E0}.AppStore|iPhone.ActiveCfg = Debug|Any CPU
		{9CC43AA8-FBC7-4066-AFED-D6E491D141E0}.AppStore|iPhone.Build.0 = Debug|Any CPU
		{9CC43AA8-FBC7-4066-AFED-D6E491D141E0}.AppStore|iPhone.Deploy.0 = Debug|Any CPU
		{9CC43AA8-FBC7-4066-AFED-D6E491D141E0}.AppStore|iPhoneSimulator.ActiveCfg = Debug|Any CPU
		{9CC43AA8-FBC7-4066-AFED-D6E491D141E0}.AppStore|iPhoneSimulator.Build.0 = Debug|Any CPU
		{9CC43AA8-FBC7-4066-AFED-D6E491D141E0}.AppStore|iPhoneSimulator.Deploy.0 = Debug|Any CPU
		{9CC43AA8-FBC7-4066-AFED-D6E491D141E0}.AppStore|x64.ActiveCfg = Debug|Any CPU
		{9CC43AA8-FBC7-4066-AFED-D6E491D141E0}.AppStore|x64.Build.0 = Debug|Any CPU
		{9CC43AA8-FBC7-4066-AFED-D6E491D141E0}.AppStore|x64.Deploy.0 = Debug|Any CPU
		{9CC43AA8-FBC7-4066-AFED-D6E491D141E0}.AppStore|x86.ActiveCfg = Debug|Any CPU
		{9CC43AA8-FBC7-4066-AFED-D6E491D141E0}.AppStore|x86.Build.0 = Debug|Any CPU
		{9CC43AA8-FBC7-4066-AFED-D6E491D141E0}.AppStore|x86.Deploy.0 = Debug|Any CPU
		{9CC43AA8-FBC7-4066-AFED-D6E491D141E0}.Debug|Any CPU.ActiveCfg = Debug|Any CPU
		{9CC43AA8-FBC7-4066-AFED-D6E491D141E0}.Debug|Any CPU.Build.0 = Debug|Any CPU
		{9CC43AA8-FBC7-4066-AFED-D6E491D141E0}.Debug|Any CPU.Deploy.0 = Debug|Any CPU
		{9CC43AA8-FBC7-4066-AFED-D6E491D141E0}.Debug|ARM.ActiveCfg = Debug|Any CPU
		{9CC43AA8-FBC7-4066-AFED-D6E491D141E0}.Debug|ARM.Build.0 = Debug|Any CPU
		{9CC43AA8-FBC7-4066-AFED-D6E491D141E0}.Debug|ARM.Deploy.0 = Debug|Any CPU
		{9CC43AA8-FBC7-4066-AFED-D6E491D141E0}.Debug|ARM64.ActiveCfg = Debug|Any CPU
		{9CC43AA8-FBC7-4066-AFED-D6E491D141E0}.Debug|ARM64.Build.0 = Debug|Any CPU
		{9CC43AA8-FBC7-4066-AFED-D6E491D141E0}.Debug|ARM64.Deploy.0 = Debug|Any CPU
		{9CC43AA8-FBC7-4066-AFED-D6E491D141E0}.Debug|iPhone.ActiveCfg = Debug|Any CPU
		{9CC43AA8-FBC7-4066-AFED-D6E491D141E0}.Debug|iPhone.Build.0 = Debug|Any CPU
		{9CC43AA8-FBC7-4066-AFED-D6E491D141E0}.Debug|iPhone.Deploy.0 = Debug|Any CPU
		{9CC43AA8-FBC7-4066-AFED-D6E491D141E0}.Debug|iPhoneSimulator.ActiveCfg = Debug|Any CPU
		{9CC43AA8-FBC7-4066-AFED-D6E491D141E0}.Debug|iPhoneSimulator.Build.0 = Debug|Any CPU
		{9CC43AA8-FBC7-4066-AFED-D6E491D141E0}.Debug|iPhoneSimulator.Deploy.0 = Debug|Any CPU
		{9CC43AA8-FBC7-4066-AFED-D6E491D141E0}.Debug|x64.ActiveCfg = Debug|Any CPU
		{9CC43AA8-FBC7-4066-AFED-D6E491D141E0}.Debug|x64.Build.0 = Debug|Any CPU
		{9CC43AA8-FBC7-4066-AFED-D6E491D141E0}.Debug|x64.Deploy.0 = Debug|Any CPU
		{9CC43AA8-FBC7-4066-AFED-D6E491D141E0}.Debug|x86.ActiveCfg = Debug|Any CPU
		{9CC43AA8-FBC7-4066-AFED-D6E491D141E0}.Debug|x86.Build.0 = Debug|Any CPU
		{9CC43AA8-FBC7-4066-AFED-D6E491D141E0}.Debug|x86.Deploy.0 = Debug|Any CPU
		{9CC43AA8-FBC7-4066-AFED-D6E491D141E0}.Release|Any CPU.ActiveCfg = Release|Any CPU
		{9CC43AA8-FBC7-4066-AFED-D6E491D141E0}.Release|Any CPU.Build.0 = Release|Any CPU
		{9CC43AA8-FBC7-4066-AFED-D6E491D141E0}.Release|Any CPU.Deploy.0 = Release|Any CPU
		{9CC43AA8-FBC7-4066-AFED-D6E491D141E0}.Release|ARM.ActiveCfg = Release|Any CPU
		{9CC43AA8-FBC7-4066-AFED-D6E491D141E0}.Release|ARM.Build.0 = Release|Any CPU
		{9CC43AA8-FBC7-4066-AFED-D6E491D141E0}.Release|ARM.Deploy.0 = Release|Any CPU
		{9CC43AA8-FBC7-4066-AFED-D6E491D141E0}.Release|ARM64.ActiveCfg = Release|Any CPU
		{9CC43AA8-FBC7-4066-AFED-D6E491D141E0}.Release|ARM64.Build.0 = Release|Any CPU
		{9CC43AA8-FBC7-4066-AFED-D6E491D141E0}.Release|ARM64.Deploy.0 = Release|Any CPU
		{9CC43AA8-FBC7-4066-AFED-D6E491D141E0}.Release|iPhone.ActiveCfg = Release|Any CPU
		{9CC43AA8-FBC7-4066-AFED-D6E491D141E0}.Release|iPhone.Build.0 = Release|Any CPU
		{9CC43AA8-FBC7-4066-AFED-D6E491D141E0}.Release|iPhone.Deploy.0 = Release|Any CPU
		{9CC43AA8-FBC7-4066-AFED-D6E491D141E0}.Release|iPhoneSimulator.ActiveCfg = Release|Any CPU
		{9CC43AA8-FBC7-4066-AFED-D6E491D141E0}.Release|iPhoneSimulator.Build.0 = Release|Any CPU
		{9CC43AA8-FBC7-4066-AFED-D6E491D141E0}.Release|iPhoneSimulator.Deploy.0 = Release|Any CPU
		{9CC43AA8-FBC7-4066-AFED-D6E491D141E0}.Release|x64.ActiveCfg = Release|Any CPU
		{9CC43AA8-FBC7-4066-AFED-D6E491D141E0}.Release|x64.Build.0 = Release|Any CPU
		{9CC43AA8-FBC7-4066-AFED-D6E491D141E0}.Release|x64.Deploy.0 = Release|Any CPU
		{9CC43AA8-FBC7-4066-AFED-D6E491D141E0}.Release|x86.ActiveCfg = Release|Any CPU
		{9CC43AA8-FBC7-4066-AFED-D6E491D141E0}.Release|x86.Build.0 = Release|Any CPU
		{9CC43AA8-FBC7-4066-AFED-D6E491D141E0}.Release|x86.Deploy.0 = Release|Any CPU
		{D60D926A-0338-40E6-BB82-751EDAFF9DAA}.Ad-Hoc|Any CPU.ActiveCfg = Ad-Hoc|iPhoneSimulator
		{D60D926A-0338-40E6-BB82-751EDAFF9DAA}.Ad-Hoc|ARM.ActiveCfg = Ad-Hoc|iPhoneSimulator
		{D60D926A-0338-40E6-BB82-751EDAFF9DAA}.Ad-Hoc|ARM64.ActiveCfg = Ad-Hoc|iPhoneSimulator
		{D60D926A-0338-40E6-BB82-751EDAFF9DAA}.Ad-Hoc|iPhone.ActiveCfg = Ad-Hoc|iPhone
		{D60D926A-0338-40E6-BB82-751EDAFF9DAA}.Ad-Hoc|iPhone.Build.0 = Ad-Hoc|iPhone
		{D60D926A-0338-40E6-BB82-751EDAFF9DAA}.Ad-Hoc|iPhoneSimulator.ActiveCfg = Ad-Hoc|iPhoneSimulator
		{D60D926A-0338-40E6-BB82-751EDAFF9DAA}.Ad-Hoc|iPhoneSimulator.Build.0 = Ad-Hoc|iPhoneSimulator
		{D60D926A-0338-40E6-BB82-751EDAFF9DAA}.Ad-Hoc|x64.ActiveCfg = Ad-Hoc|iPhoneSimulator
		{D60D926A-0338-40E6-BB82-751EDAFF9DAA}.Ad-Hoc|x86.ActiveCfg = Ad-Hoc|iPhoneSimulator
		{D60D926A-0338-40E6-BB82-751EDAFF9DAA}.AppStore|Any CPU.ActiveCfg = AppStore|iPhoneSimulator
		{D60D926A-0338-40E6-BB82-751EDAFF9DAA}.AppStore|ARM.ActiveCfg = AppStore|iPhoneSimulator
		{D60D926A-0338-40E6-BB82-751EDAFF9DAA}.AppStore|ARM64.ActiveCfg = AppStore|iPhoneSimulator
		{D60D926A-0338-40E6-BB82-751EDAFF9DAA}.AppStore|iPhone.ActiveCfg = AppStore|iPhone
		{D60D926A-0338-40E6-BB82-751EDAFF9DAA}.AppStore|iPhone.Build.0 = AppStore|iPhone
		{D60D926A-0338-40E6-BB82-751EDAFF9DAA}.AppStore|iPhoneSimulator.ActiveCfg = AppStore|iPhoneSimulator
		{D60D926A-0338-40E6-BB82-751EDAFF9DAA}.AppStore|iPhoneSimulator.Build.0 = AppStore|iPhoneSimulator
		{D60D926A-0338-40E6-BB82-751EDAFF9DAA}.AppStore|x64.ActiveCfg = AppStore|iPhoneSimulator
		{D60D926A-0338-40E6-BB82-751EDAFF9DAA}.AppStore|x86.ActiveCfg = AppStore|iPhoneSimulator
		{D60D926A-0338-40E6-BB82-751EDAFF9DAA}.Debug|Any CPU.ActiveCfg = Debug|iPhoneSimulator
		{D60D926A-0338-40E6-BB82-751EDAFF9DAA}.Debug|ARM.ActiveCfg = Debug|iPhoneSimulator
		{D60D926A-0338-40E6-BB82-751EDAFF9DAA}.Debug|ARM64.ActiveCfg = Debug|iPhoneSimulator
		{D60D926A-0338-40E6-BB82-751EDAFF9DAA}.Debug|iPhone.ActiveCfg = Debug|iPhone
		{D60D926A-0338-40E6-BB82-751EDAFF9DAA}.Debug|iPhone.Build.0 = Debug|iPhone
		{D60D926A-0338-40E6-BB82-751EDAFF9DAA}.Debug|iPhoneSimulator.ActiveCfg = Debug|iPhoneSimulator
		{D60D926A-0338-40E6-BB82-751EDAFF9DAA}.Debug|iPhoneSimulator.Build.0 = Debug|iPhoneSimulator
		{D60D926A-0338-40E6-BB82-751EDAFF9DAA}.Debug|x64.ActiveCfg = Debug|iPhoneSimulator
		{D60D926A-0338-40E6-BB82-751EDAFF9DAA}.Debug|x86.ActiveCfg = Debug|iPhoneSimulator
		{D60D926A-0338-40E6-BB82-751EDAFF9DAA}.Release|Any CPU.ActiveCfg = Release|iPhoneSimulator
		{D60D926A-0338-40E6-BB82-751EDAFF9DAA}.Release|ARM.ActiveCfg = Release|iPhoneSimulator
		{D60D926A-0338-40E6-BB82-751EDAFF9DAA}.Release|ARM64.ActiveCfg = Release|iPhoneSimulator
		{D60D926A-0338-40E6-BB82-751EDAFF9DAA}.Release|iPhone.ActiveCfg = Release|iPhone
		{D60D926A-0338-40E6-BB82-751EDAFF9DAA}.Release|iPhone.Build.0 = Release|iPhone
		{D60D926A-0338-40E6-BB82-751EDAFF9DAA}.Release|iPhoneSimulator.ActiveCfg = Release|iPhoneSimulator
		{D60D926A-0338-40E6-BB82-751EDAFF9DAA}.Release|iPhoneSimulator.Build.0 = Release|iPhoneSimulator
		{D60D926A-0338-40E6-BB82-751EDAFF9DAA}.Release|x64.ActiveCfg = Release|iPhoneSimulator
		{D60D926A-0338-40E6-BB82-751EDAFF9DAA}.Release|x86.ActiveCfg = Release|iPhoneSimulator
		{EFA731BC-F00C-48D9-A8BD-FA2AE9E71260}.Ad-Hoc|Any CPU.ActiveCfg = Debug|x86
		{EFA731BC-F00C-48D9-A8BD-FA2AE9E71260}.Ad-Hoc|Any CPU.Build.0 = Debug|x86
		{EFA731BC-F00C-48D9-A8BD-FA2AE9E71260}.Ad-Hoc|Any CPU.Deploy.0 = Debug|x86
		{EFA731BC-F00C-48D9-A8BD-FA2AE9E71260}.Ad-Hoc|ARM.ActiveCfg = Debug|ARM
		{EFA731BC-F00C-48D9-A8BD-FA2AE9E71260}.Ad-Hoc|ARM.Build.0 = Debug|ARM
		{EFA731BC-F00C-48D9-A8BD-FA2AE9E71260}.Ad-Hoc|ARM.Deploy.0 = Debug|ARM
		{EFA731BC-F00C-48D9-A8BD-FA2AE9E71260}.Ad-Hoc|ARM64.ActiveCfg = Debug|ARM64
		{EFA731BC-F00C-48D9-A8BD-FA2AE9E71260}.Ad-Hoc|ARM64.Build.0 = Debug|ARM64
		{EFA731BC-F00C-48D9-A8BD-FA2AE9E71260}.Ad-Hoc|ARM64.Deploy.0 = Debug|ARM64
		{EFA731BC-F00C-48D9-A8BD-FA2AE9E71260}.Ad-Hoc|iPhone.ActiveCfg = Debug|x86
		{EFA731BC-F00C-48D9-A8BD-FA2AE9E71260}.Ad-Hoc|iPhone.Build.0 = Debug|x86
		{EFA731BC-F00C-48D9-A8BD-FA2AE9E71260}.Ad-Hoc|iPhone.Deploy.0 = Debug|x86
		{EFA731BC-F00C-48D9-A8BD-FA2AE9E71260}.Ad-Hoc|iPhoneSimulator.ActiveCfg = Debug|x86
		{EFA731BC-F00C-48D9-A8BD-FA2AE9E71260}.Ad-Hoc|iPhoneSimulator.Build.0 = Debug|x86
		{EFA731BC-F00C-48D9-A8BD-FA2AE9E71260}.Ad-Hoc|iPhoneSimulator.Deploy.0 = Debug|x86
		{EFA731BC-F00C-48D9-A8BD-FA2AE9E71260}.Ad-Hoc|x64.ActiveCfg = Debug|x64
		{EFA731BC-F00C-48D9-A8BD-FA2AE9E71260}.Ad-Hoc|x64.Build.0 = Debug|x64
		{EFA731BC-F00C-48D9-A8BD-FA2AE9E71260}.Ad-Hoc|x64.Deploy.0 = Debug|x64
		{EFA731BC-F00C-48D9-A8BD-FA2AE9E71260}.Ad-Hoc|x86.ActiveCfg = Debug|x86
		{EFA731BC-F00C-48D9-A8BD-FA2AE9E71260}.Ad-Hoc|x86.Build.0 = Debug|x86
		{EFA731BC-F00C-48D9-A8BD-FA2AE9E71260}.Ad-Hoc|x86.Deploy.0 = Debug|x86
		{EFA731BC-F00C-48D9-A8BD-FA2AE9E71260}.AppStore|Any CPU.ActiveCfg = Debug|x86
		{EFA731BC-F00C-48D9-A8BD-FA2AE9E71260}.AppStore|Any CPU.Build.0 = Debug|x86
		{EFA731BC-F00C-48D9-A8BD-FA2AE9E71260}.AppStore|Any CPU.Deploy.0 = Debug|x86
		{EFA731BC-F00C-48D9-A8BD-FA2AE9E71260}.AppStore|ARM.ActiveCfg = Debug|ARM
		{EFA731BC-F00C-48D9-A8BD-FA2AE9E71260}.AppStore|ARM.Build.0 = Debug|ARM
		{EFA731BC-F00C-48D9-A8BD-FA2AE9E71260}.AppStore|ARM.Deploy.0 = Debug|ARM
		{EFA731BC-F00C-48D9-A8BD-FA2AE9E71260}.AppStore|ARM64.ActiveCfg = Debug|ARM64
		{EFA731BC-F00C-48D9-A8BD-FA2AE9E71260}.AppStore|ARM64.Build.0 = Debug|ARM64
		{EFA731BC-F00C-48D9-A8BD-FA2AE9E71260}.AppStore|ARM64.Deploy.0 = Debug|ARM64
		{EFA731BC-F00C-48D9-A8BD-FA2AE9E71260}.AppStore|iPhone.ActiveCfg = Debug|x86
		{EFA731BC-F00C-48D9-A8BD-FA2AE9E71260}.AppStore|iPhone.Build.0 = Debug|x86
		{EFA731BC-F00C-48D9-A8BD-FA2AE9E71260}.AppStore|iPhone.Deploy.0 = Debug|x86
		{EFA731BC-F00C-48D9-A8BD-FA2AE9E71260}.AppStore|iPhoneSimulator.ActiveCfg = Debug|x86
		{EFA731BC-F00C-48D9-A8BD-FA2AE9E71260}.AppStore|iPhoneSimulator.Build.0 = Debug|x86
		{EFA731BC-F00C-48D9-A8BD-FA2AE9E71260}.AppStore|iPhoneSimulator.Deploy.0 = Debug|x86
		{EFA731BC-F00C-48D9-A8BD-FA2AE9E71260}.AppStore|x64.ActiveCfg = Debug|x64
		{EFA731BC-F00C-48D9-A8BD-FA2AE9E71260}.AppStore|x64.Build.0 = Debug|x64
		{EFA731BC-F00C-48D9-A8BD-FA2AE9E71260}.AppStore|x64.Deploy.0 = Debug|x64
		{EFA731BC-F00C-48D9-A8BD-FA2AE9E71260}.AppStore|x86.ActiveCfg = Debug|x86
		{EFA731BC-F00C-48D9-A8BD-FA2AE9E71260}.AppStore|x86.Build.0 = Debug|x86
		{EFA731BC-F00C-48D9-A8BD-FA2AE9E71260}.AppStore|x86.Deploy.0 = Debug|x86
		{EFA731BC-F00C-48D9-A8BD-FA2AE9E71260}.Debug|Any CPU.ActiveCfg = Debug|x86
		{EFA731BC-F00C-48D9-A8BD-FA2AE9E71260}.Debug|ARM.ActiveCfg = Debug|ARM
		{EFA731BC-F00C-48D9-A8BD-FA2AE9E71260}.Debug|ARM.Build.0 = Debug|ARM
		{EFA731BC-F00C-48D9-A8BD-FA2AE9E71260}.Debug|ARM.Deploy.0 = Debug|ARM
		{EFA731BC-F00C-48D9-A8BD-FA2AE9E71260}.Debug|ARM64.ActiveCfg = Debug|ARM64
		{EFA731BC-F00C-48D9-A8BD-FA2AE9E71260}.Debug|ARM64.Build.0 = Debug|ARM64
		{EFA731BC-F00C-48D9-A8BD-FA2AE9E71260}.Debug|ARM64.Deploy.0 = Debug|ARM64
		{EFA731BC-F00C-48D9-A8BD-FA2AE9E71260}.Debug|iPhone.ActiveCfg = Debug|x86
		{EFA731BC-F00C-48D9-A8BD-FA2AE9E71260}.Debug|iPhoneSimulator.ActiveCfg = Debug|x86
		{EFA731BC-F00C-48D9-A8BD-FA2AE9E71260}.Debug|x64.ActiveCfg = Debug|x64
		{EFA731BC-F00C-48D9-A8BD-FA2AE9E71260}.Debug|x64.Build.0 = Debug|x64
		{EFA731BC-F00C-48D9-A8BD-FA2AE9E71260}.Debug|x64.Deploy.0 = Debug|x64
		{EFA731BC-F00C-48D9-A8BD-FA2AE9E71260}.Debug|x86.ActiveCfg = Debug|x86
		{EFA731BC-F00C-48D9-A8BD-FA2AE9E71260}.Debug|x86.Build.0 = Debug|x86
		{EFA731BC-F00C-48D9-A8BD-FA2AE9E71260}.Debug|x86.Deploy.0 = Debug|x86
		{EFA731BC-F00C-48D9-A8BD-FA2AE9E71260}.Release|Any CPU.ActiveCfg = Release|x86
		{EFA731BC-F00C-48D9-A8BD-FA2AE9E71260}.Release|ARM.ActiveCfg = Release|ARM
		{EFA731BC-F00C-48D9-A8BD-FA2AE9E71260}.Release|ARM.Build.0 = Release|ARM
		{EFA731BC-F00C-48D9-A8BD-FA2AE9E71260}.Release|ARM.Deploy.0 = Release|ARM
		{EFA731BC-F00C-48D9-A8BD-FA2AE9E71260}.Release|ARM64.ActiveCfg = Release|ARM64
		{EFA731BC-F00C-48D9-A8BD-FA2AE9E71260}.Release|ARM64.Build.0 = Release|ARM64
		{EFA731BC-F00C-48D9-A8BD-FA2AE9E71260}.Release|ARM64.Deploy.0 = Release|ARM64
		{EFA731BC-F00C-48D9-A8BD-FA2AE9E71260}.Release|iPhone.ActiveCfg = Release|x86
		{EFA731BC-F00C-48D9-A8BD-FA2AE9E71260}.Release|iPhoneSimulator.ActiveCfg = Release|x86
		{EFA731BC-F00C-48D9-A8BD-FA2AE9E71260}.Release|x64.ActiveCfg = Release|x64
		{EFA731BC-F00C-48D9-A8BD-FA2AE9E71260}.Release|x64.Build.0 = Release|x64
		{EFA731BC-F00C-48D9-A8BD-FA2AE9E71260}.Release|x64.Deploy.0 = Release|x64
		{EFA731BC-F00C-48D9-A8BD-FA2AE9E71260}.Release|x86.ActiveCfg = Release|x86
		{EFA731BC-F00C-48D9-A8BD-FA2AE9E71260}.Release|x86.Build.0 = Release|x86
		{EFA731BC-F00C-48D9-A8BD-FA2AE9E71260}.Release|x86.Deploy.0 = Release|x86
		{B94690FB-A3E9-4916-A04B-6CF799B4AC9C}.Ad-Hoc|Any CPU.ActiveCfg = Release|Any CPU
		{B94690FB-A3E9-4916-A04B-6CF799B4AC9C}.Ad-Hoc|Any CPU.Build.0 = Release|Any CPU
		{B94690FB-A3E9-4916-A04B-6CF799B4AC9C}.Ad-Hoc|ARM.ActiveCfg = Release|Any CPU
		{B94690FB-A3E9-4916-A04B-6CF799B4AC9C}.Ad-Hoc|ARM.Build.0 = Release|Any CPU
		{B94690FB-A3E9-4916-A04B-6CF799B4AC9C}.Ad-Hoc|ARM64.ActiveCfg = Release|Any CPU
		{B94690FB-A3E9-4916-A04B-6CF799B4AC9C}.Ad-Hoc|ARM64.Build.0 = Release|Any CPU
		{B94690FB-A3E9-4916-A04B-6CF799B4AC9C}.Ad-Hoc|iPhone.ActiveCfg = Release|Any CPU
		{B94690FB-A3E9-4916-A04B-6CF799B4AC9C}.Ad-Hoc|iPhone.Build.0 = Release|Any CPU
		{B94690FB-A3E9-4916-A04B-6CF799B4AC9C}.Ad-Hoc|iPhoneSimulator.ActiveCfg = Release|Any CPU
		{B94690FB-A3E9-4916-A04B-6CF799B4AC9C}.Ad-Hoc|iPhoneSimulator.Build.0 = Release|Any CPU
		{B94690FB-A3E9-4916-A04B-6CF799B4AC9C}.Ad-Hoc|x64.ActiveCfg = Release|Any CPU
		{B94690FB-A3E9-4916-A04B-6CF799B4AC9C}.Ad-Hoc|x64.Build.0 = Release|Any CPU
		{B94690FB-A3E9-4916-A04B-6CF799B4AC9C}.Ad-Hoc|x86.ActiveCfg = Release|Any CPU
		{B94690FB-A3E9-4916-A04B-6CF799B4AC9C}.Ad-Hoc|x86.Build.0 = Release|Any CPU
		{B94690FB-A3E9-4916-A04B-6CF799B4AC9C}.AppStore|Any CPU.ActiveCfg = Release|Any CPU
		{B94690FB-A3E9-4916-A04B-6CF799B4AC9C}.AppStore|Any CPU.Build.0 = Release|Any CPU
		{B94690FB-A3E9-4916-A04B-6CF799B4AC9C}.AppStore|ARM.ActiveCfg = Release|Any CPU
		{B94690FB-A3E9-4916-A04B-6CF799B4AC9C}.AppStore|ARM.Build.0 = Release|Any CPU
		{B94690FB-A3E9-4916-A04B-6CF799B4AC9C}.AppStore|ARM64.ActiveCfg = Release|Any CPU
		{B94690FB-A3E9-4916-A04B-6CF799B4AC9C}.AppStore|ARM64.Build.0 = Release|Any CPU
		{B94690FB-A3E9-4916-A04B-6CF799B4AC9C}.AppStore|iPhone.ActiveCfg = Release|Any CPU
		{B94690FB-A3E9-4916-A04B-6CF799B4AC9C}.AppStore|iPhone.Build.0 = Release|Any CPU
		{B94690FB-A3E9-4916-A04B-6CF799B4AC9C}.AppStore|iPhoneSimulator.ActiveCfg = Release|Any CPU
		{B94690FB-A3E9-4916-A04B-6CF799B4AC9C}.AppStore|iPhoneSimulator.Build.0 = Release|Any CPU
		{B94690FB-A3E9-4916-A04B-6CF799B4AC9C}.AppStore|x64.ActiveCfg = Release|Any CPU
		{B94690FB-A3E9-4916-A04B-6CF799B4AC9C}.AppStore|x64.Build.0 = Release|Any CPU
		{B94690FB-A3E9-4916-A04B-6CF799B4AC9C}.AppStore|x86.ActiveCfg = Release|Any CPU
		{B94690FB-A3E9-4916-A04B-6CF799B4AC9C}.AppStore|x86.Build.0 = Release|Any CPU
		{B94690FB-A3E9-4916-A04B-6CF799B4AC9C}.Debug|Any CPU.ActiveCfg = Debug|Any CPU
		{B94690FB-A3E9-4916-A04B-6CF799B4AC9C}.Debug|Any CPU.Build.0 = Debug|Any CPU
		{B94690FB-A3E9-4916-A04B-6CF799B4AC9C}.Debug|ARM.ActiveCfg = Debug|Any CPU
		{B94690FB-A3E9-4916-A04B-6CF799B4AC9C}.Debug|ARM.Build.0 = Debug|Any CPU
		{B94690FB-A3E9-4916-A04B-6CF799B4AC9C}.Debug|ARM64.ActiveCfg = Debug|Any CPU
		{B94690FB-A3E9-4916-A04B-6CF799B4AC9C}.Debug|ARM64.Build.0 = Debug|Any CPU
		{B94690FB-A3E9-4916-A04B-6CF799B4AC9C}.Debug|iPhone.ActiveCfg = Debug|Any CPU
		{B94690FB-A3E9-4916-A04B-6CF799B4AC9C}.Debug|iPhone.Build.0 = Debug|Any CPU
		{B94690FB-A3E9-4916-A04B-6CF799B4AC9C}.Debug|iPhoneSimulator.ActiveCfg = Debug|Any CPU
		{B94690FB-A3E9-4916-A04B-6CF799B4AC9C}.Debug|iPhoneSimulator.Build.0 = Debug|Any CPU
		{B94690FB-A3E9-4916-A04B-6CF799B4AC9C}.Debug|x64.ActiveCfg = Debug|Any CPU
		{B94690FB-A3E9-4916-A04B-6CF799B4AC9C}.Debug|x64.Build.0 = Debug|Any CPU
		{B94690FB-A3E9-4916-A04B-6CF799B4AC9C}.Debug|x86.ActiveCfg = Debug|Any CPU
		{B94690FB-A3E9-4916-A04B-6CF799B4AC9C}.Debug|x86.Build.0 = Debug|Any CPU
		{B94690FB-A3E9-4916-A04B-6CF799B4AC9C}.Release|Any CPU.ActiveCfg = Release|Any CPU
		{B94690FB-A3E9-4916-A04B-6CF799B4AC9C}.Release|Any CPU.Build.0 = Release|Any CPU
		{B94690FB-A3E9-4916-A04B-6CF799B4AC9C}.Release|ARM.ActiveCfg = Release|Any CPU
		{B94690FB-A3E9-4916-A04B-6CF799B4AC9C}.Release|ARM.Build.0 = Release|Any CPU
		{B94690FB-A3E9-4916-A04B-6CF799B4AC9C}.Release|ARM64.ActiveCfg = Release|Any CPU
		{B94690FB-A3E9-4916-A04B-6CF799B4AC9C}.Release|ARM64.Build.0 = Release|Any CPU
		{B94690FB-A3E9-4916-A04B-6CF799B4AC9C}.Release|iPhone.ActiveCfg = Release|Any CPU
		{B94690FB-A3E9-4916-A04B-6CF799B4AC9C}.Release|iPhone.Build.0 = Release|Any CPU
		{B94690FB-A3E9-4916-A04B-6CF799B4AC9C}.Release|iPhoneSimulator.ActiveCfg = Release|Any CPU
		{B94690FB-A3E9-4916-A04B-6CF799B4AC9C}.Release|iPhoneSimulator.Build.0 = Release|Any CPU
		{B94690FB-A3E9-4916-A04B-6CF799B4AC9C}.Release|x64.ActiveCfg = Release|Any CPU
		{B94690FB-A3E9-4916-A04B-6CF799B4AC9C}.Release|x64.Build.0 = Release|Any CPU
		{B94690FB-A3E9-4916-A04B-6CF799B4AC9C}.Release|x86.ActiveCfg = Release|Any CPU
		{B94690FB-A3E9-4916-A04B-6CF799B4AC9C}.Release|x86.Build.0 = Release|Any CPU
		{C948327A-A6CA-47C1-AB13-57270D776967}.Ad-Hoc|Any CPU.ActiveCfg = Debug|iPhoneSimulator
		{C948327A-A6CA-47C1-AB13-57270D776967}.Ad-Hoc|Any CPU.Build.0 = Debug|iPhoneSimulator
		{C948327A-A6CA-47C1-AB13-57270D776967}.Ad-Hoc|ARM.ActiveCfg = Debug|iPhoneSimulator
		{C948327A-A6CA-47C1-AB13-57270D776967}.Ad-Hoc|ARM.Build.0 = Debug|iPhoneSimulator
		{C948327A-A6CA-47C1-AB13-57270D776967}.Ad-Hoc|ARM64.ActiveCfg = Debug|iPhoneSimulator
		{C948327A-A6CA-47C1-AB13-57270D776967}.Ad-Hoc|ARM64.Build.0 = Debug|iPhoneSimulator
		{C948327A-A6CA-47C1-AB13-57270D776967}.Ad-Hoc|iPhone.ActiveCfg = Debug|iPhoneSimulator
		{C948327A-A6CA-47C1-AB13-57270D776967}.Ad-Hoc|iPhone.Build.0 = Debug|iPhoneSimulator
		{C948327A-A6CA-47C1-AB13-57270D776967}.Ad-Hoc|iPhoneSimulator.ActiveCfg = Debug|iPhoneSimulator
		{C948327A-A6CA-47C1-AB13-57270D776967}.Ad-Hoc|iPhoneSimulator.Build.0 = Debug|iPhoneSimulator
		{C948327A-A6CA-47C1-AB13-57270D776967}.Ad-Hoc|x64.ActiveCfg = Debug|iPhoneSimulator
		{C948327A-A6CA-47C1-AB13-57270D776967}.Ad-Hoc|x64.Build.0 = Debug|iPhoneSimulator
		{C948327A-A6CA-47C1-AB13-57270D776967}.Ad-Hoc|x86.ActiveCfg = Debug|iPhoneSimulator
		{C948327A-A6CA-47C1-AB13-57270D776967}.Ad-Hoc|x86.Build.0 = Debug|iPhoneSimulator
		{C948327A-A6CA-47C1-AB13-57270D776967}.AppStore|Any CPU.ActiveCfg = Debug|iPhoneSimulator
		{C948327A-A6CA-47C1-AB13-57270D776967}.AppStore|Any CPU.Build.0 = Debug|iPhoneSimulator
		{C948327A-A6CA-47C1-AB13-57270D776967}.AppStore|ARM.ActiveCfg = Debug|iPhoneSimulator
		{C948327A-A6CA-47C1-AB13-57270D776967}.AppStore|ARM.Build.0 = Debug|iPhoneSimulator
		{C948327A-A6CA-47C1-AB13-57270D776967}.AppStore|ARM64.ActiveCfg = Debug|iPhoneSimulator
		{C948327A-A6CA-47C1-AB13-57270D776967}.AppStore|ARM64.Build.0 = Debug|iPhoneSimulator
		{C948327A-A6CA-47C1-AB13-57270D776967}.AppStore|iPhone.ActiveCfg = Debug|iPhoneSimulator
		{C948327A-A6CA-47C1-AB13-57270D776967}.AppStore|iPhone.Build.0 = Debug|iPhoneSimulator
		{C948327A-A6CA-47C1-AB13-57270D776967}.AppStore|iPhoneSimulator.ActiveCfg = Debug|iPhoneSimulator
		{C948327A-A6CA-47C1-AB13-57270D776967}.AppStore|iPhoneSimulator.Build.0 = Debug|iPhoneSimulator
		{C948327A-A6CA-47C1-AB13-57270D776967}.AppStore|x64.ActiveCfg = Debug|iPhoneSimulator
		{C948327A-A6CA-47C1-AB13-57270D776967}.AppStore|x64.Build.0 = Debug|iPhoneSimulator
		{C948327A-A6CA-47C1-AB13-57270D776967}.AppStore|x86.ActiveCfg = Debug|iPhoneSimulator
		{C948327A-A6CA-47C1-AB13-57270D776967}.AppStore|x86.Build.0 = Debug|iPhoneSimulator
		{C948327A-A6CA-47C1-AB13-57270D776967}.Debug|Any CPU.ActiveCfg = Debug|iPhoneSimulator
		{C948327A-A6CA-47C1-AB13-57270D776967}.Debug|ARM.ActiveCfg = Debug|iPhoneSimulator
		{C948327A-A6CA-47C1-AB13-57270D776967}.Debug|ARM64.ActiveCfg = Debug|iPhoneSimulator
		{C948327A-A6CA-47C1-AB13-57270D776967}.Debug|iPhone.ActiveCfg = Debug|iPhoneSimulator
		{C948327A-A6CA-47C1-AB13-57270D776967}.Debug|iPhoneSimulator.ActiveCfg = Debug|iPhoneSimulator
		{C948327A-A6CA-47C1-AB13-57270D776967}.Debug|iPhoneSimulator.Build.0 = Debug|iPhoneSimulator
		{C948327A-A6CA-47C1-AB13-57270D776967}.Debug|x64.ActiveCfg = Debug|iPhoneSimulator
		{C948327A-A6CA-47C1-AB13-57270D776967}.Debug|x86.ActiveCfg = Debug|iPhoneSimulator
		{C948327A-A6CA-47C1-AB13-57270D776967}.Release|Any CPU.ActiveCfg = Release|iPhoneSimulator
		{C948327A-A6CA-47C1-AB13-57270D776967}.Release|ARM.ActiveCfg = Release|iPhoneSimulator
		{C948327A-A6CA-47C1-AB13-57270D776967}.Release|ARM64.ActiveCfg = Release|iPhoneSimulator
		{C948327A-A6CA-47C1-AB13-57270D776967}.Release|iPhone.ActiveCfg = Release|iPhoneSimulator
		{C948327A-A6CA-47C1-AB13-57270D776967}.Release|iPhoneSimulator.ActiveCfg = Release|iPhoneSimulator
		{C948327A-A6CA-47C1-AB13-57270D776967}.Release|iPhoneSimulator.Build.0 = Release|iPhoneSimulator
		{C948327A-A6CA-47C1-AB13-57270D776967}.Release|x64.ActiveCfg = Release|iPhoneSimulator
		{C948327A-A6CA-47C1-AB13-57270D776967}.Release|x86.ActiveCfg = Release|iPhoneSimulator
		{3608ECD8-4B1D-446F-BF14-F33E324F6644}.Ad-Hoc|Any CPU.ActiveCfg = Release|Any CPU
		{3608ECD8-4B1D-446F-BF14-F33E324F6644}.Ad-Hoc|Any CPU.Build.0 = Release|Any CPU
		{3608ECD8-4B1D-446F-BF14-F33E324F6644}.Ad-Hoc|ARM.ActiveCfg = Release|Any CPU
		{3608ECD8-4B1D-446F-BF14-F33E324F6644}.Ad-Hoc|ARM.Build.0 = Release|Any CPU
		{3608ECD8-4B1D-446F-BF14-F33E324F6644}.Ad-Hoc|ARM64.ActiveCfg = Release|Any CPU
		{3608ECD8-4B1D-446F-BF14-F33E324F6644}.Ad-Hoc|ARM64.Build.0 = Release|Any CPU
		{3608ECD8-4B1D-446F-BF14-F33E324F6644}.Ad-Hoc|iPhone.ActiveCfg = Release|Any CPU
		{3608ECD8-4B1D-446F-BF14-F33E324F6644}.Ad-Hoc|iPhone.Build.0 = Release|Any CPU
		{3608ECD8-4B1D-446F-BF14-F33E324F6644}.Ad-Hoc|iPhoneSimulator.ActiveCfg = Release|Any CPU
		{3608ECD8-4B1D-446F-BF14-F33E324F6644}.Ad-Hoc|iPhoneSimulator.Build.0 = Release|Any CPU
		{3608ECD8-4B1D-446F-BF14-F33E324F6644}.Ad-Hoc|x64.ActiveCfg = Release|Any CPU
		{3608ECD8-4B1D-446F-BF14-F33E324F6644}.Ad-Hoc|x64.Build.0 = Release|Any CPU
		{3608ECD8-4B1D-446F-BF14-F33E324F6644}.Ad-Hoc|x86.ActiveCfg = Release|Any CPU
		{3608ECD8-4B1D-446F-BF14-F33E324F6644}.Ad-Hoc|x86.Build.0 = Release|Any CPU
		{3608ECD8-4B1D-446F-BF14-F33E324F6644}.AppStore|Any CPU.ActiveCfg = Release|Any CPU
		{3608ECD8-4B1D-446F-BF14-F33E324F6644}.AppStore|Any CPU.Build.0 = Release|Any CPU
		{3608ECD8-4B1D-446F-BF14-F33E324F6644}.AppStore|ARM.ActiveCfg = Release|Any CPU
		{3608ECD8-4B1D-446F-BF14-F33E324F6644}.AppStore|ARM.Build.0 = Release|Any CPU
		{3608ECD8-4B1D-446F-BF14-F33E324F6644}.AppStore|ARM64.ActiveCfg = Release|Any CPU
		{3608ECD8-4B1D-446F-BF14-F33E324F6644}.AppStore|ARM64.Build.0 = Release|Any CPU
		{3608ECD8-4B1D-446F-BF14-F33E324F6644}.AppStore|iPhone.ActiveCfg = Release|Any CPU
		{3608ECD8-4B1D-446F-BF14-F33E324F6644}.AppStore|iPhone.Build.0 = Release|Any CPU
		{3608ECD8-4B1D-446F-BF14-F33E324F6644}.AppStore|iPhoneSimulator.ActiveCfg = Release|Any CPU
		{3608ECD8-4B1D-446F-BF14-F33E324F6644}.AppStore|iPhoneSimulator.Build.0 = Release|Any CPU
		{3608ECD8-4B1D-446F-BF14-F33E324F6644}.AppStore|x64.ActiveCfg = Release|Any CPU
		{3608ECD8-4B1D-446F-BF14-F33E324F6644}.AppStore|x64.Build.0 = Release|Any CPU
		{3608ECD8-4B1D-446F-BF14-F33E324F6644}.AppStore|x86.ActiveCfg = Release|Any CPU
		{3608ECD8-4B1D-446F-BF14-F33E324F6644}.AppStore|x86.Build.0 = Release|Any CPU
		{3608ECD8-4B1D-446F-BF14-F33E324F6644}.Debug|Any CPU.ActiveCfg = Debug|Any CPU
		{3608ECD8-4B1D-446F-BF14-F33E324F6644}.Debug|Any CPU.Build.0 = Debug|Any CPU
		{3608ECD8-4B1D-446F-BF14-F33E324F6644}.Debug|ARM.ActiveCfg = Debug|Any CPU
		{3608ECD8-4B1D-446F-BF14-F33E324F6644}.Debug|ARM.Build.0 = Debug|Any CPU
		{3608ECD8-4B1D-446F-BF14-F33E324F6644}.Debug|ARM64.ActiveCfg = Debug|Any CPU
		{3608ECD8-4B1D-446F-BF14-F33E324F6644}.Debug|ARM64.Build.0 = Debug|Any CPU
		{3608ECD8-4B1D-446F-BF14-F33E324F6644}.Debug|iPhone.ActiveCfg = Debug|Any CPU
		{3608ECD8-4B1D-446F-BF14-F33E324F6644}.Debug|iPhone.Build.0 = Debug|Any CPU
		{3608ECD8-4B1D-446F-BF14-F33E324F6644}.Debug|iPhoneSimulator.ActiveCfg = Debug|Any CPU
		{3608ECD8-4B1D-446F-BF14-F33E324F6644}.Debug|iPhoneSimulator.Build.0 = Debug|Any CPU
		{3608ECD8-4B1D-446F-BF14-F33E324F6644}.Debug|x64.ActiveCfg = Debug|Any CPU
		{3608ECD8-4B1D-446F-BF14-F33E324F6644}.Debug|x64.Build.0 = Debug|Any CPU
		{3608ECD8-4B1D-446F-BF14-F33E324F6644}.Debug|x86.ActiveCfg = Debug|Any CPU
		{3608ECD8-4B1D-446F-BF14-F33E324F6644}.Debug|x86.Build.0 = Debug|Any CPU
		{3608ECD8-4B1D-446F-BF14-F33E324F6644}.Release|Any CPU.ActiveCfg = Release|Any CPU
		{3608ECD8-4B1D-446F-BF14-F33E324F6644}.Release|Any CPU.Build.0 = Release|Any CPU
		{3608ECD8-4B1D-446F-BF14-F33E324F6644}.Release|ARM.ActiveCfg = Release|Any CPU
		{3608ECD8-4B1D-446F-BF14-F33E324F6644}.Release|ARM.Build.0 = Release|Any CPU
		{3608ECD8-4B1D-446F-BF14-F33E324F6644}.Release|ARM64.ActiveCfg = Release|Any CPU
		{3608ECD8-4B1D-446F-BF14-F33E324F6644}.Release|ARM64.Build.0 = Release|Any CPU
		{3608ECD8-4B1D-446F-BF14-F33E324F6644}.Release|iPhone.ActiveCfg = Release|Any CPU
		{3608ECD8-4B1D-446F-BF14-F33E324F6644}.Release|iPhone.Build.0 = Release|Any CPU
		{3608ECD8-4B1D-446F-BF14-F33E324F6644}.Release|iPhoneSimulator.ActiveCfg = Release|Any CPU
		{3608ECD8-4B1D-446F-BF14-F33E324F6644}.Release|iPhoneSimulator.Build.0 = Release|Any CPU
		{3608ECD8-4B1D-446F-BF14-F33E324F6644}.Release|x64.ActiveCfg = Release|Any CPU
		{3608ECD8-4B1D-446F-BF14-F33E324F6644}.Release|x64.Build.0 = Release|Any CPU
		{3608ECD8-4B1D-446F-BF14-F33E324F6644}.Release|x86.ActiveCfg = Release|Any CPU
		{3608ECD8-4B1D-446F-BF14-F33E324F6644}.Release|x86.Build.0 = Release|Any CPU
		{5178F1D8-F22B-4FEE-8DA1-1358D93358EA}.Ad-Hoc|Any CPU.ActiveCfg = Release|Any CPU
		{5178F1D8-F22B-4FEE-8DA1-1358D93358EA}.Ad-Hoc|Any CPU.Build.0 = Release|Any CPU
		{5178F1D8-F22B-4FEE-8DA1-1358D93358EA}.Ad-Hoc|ARM.ActiveCfg = Release|Any CPU
		{5178F1D8-F22B-4FEE-8DA1-1358D93358EA}.Ad-Hoc|ARM.Build.0 = Release|Any CPU
		{5178F1D8-F22B-4FEE-8DA1-1358D93358EA}.Ad-Hoc|ARM64.ActiveCfg = Release|Any CPU
		{5178F1D8-F22B-4FEE-8DA1-1358D93358EA}.Ad-Hoc|ARM64.Build.0 = Release|Any CPU
		{5178F1D8-F22B-4FEE-8DA1-1358D93358EA}.Ad-Hoc|iPhone.ActiveCfg = Release|Any CPU
		{5178F1D8-F22B-4FEE-8DA1-1358D93358EA}.Ad-Hoc|iPhone.Build.0 = Release|Any CPU
		{5178F1D8-F22B-4FEE-8DA1-1358D93358EA}.Ad-Hoc|iPhoneSimulator.ActiveCfg = Release|Any CPU
		{5178F1D8-F22B-4FEE-8DA1-1358D93358EA}.Ad-Hoc|iPhoneSimulator.Build.0 = Release|Any CPU
		{5178F1D8-F22B-4FEE-8DA1-1358D93358EA}.Ad-Hoc|x64.ActiveCfg = Release|Any CPU
		{5178F1D8-F22B-4FEE-8DA1-1358D93358EA}.Ad-Hoc|x64.Build.0 = Release|Any CPU
		{5178F1D8-F22B-4FEE-8DA1-1358D93358EA}.Ad-Hoc|x86.ActiveCfg = Release|Any CPU
		{5178F1D8-F22B-4FEE-8DA1-1358D93358EA}.Ad-Hoc|x86.Build.0 = Release|Any CPU
		{5178F1D8-F22B-4FEE-8DA1-1358D93358EA}.AppStore|Any CPU.ActiveCfg = Release|Any CPU
		{5178F1D8-F22B-4FEE-8DA1-1358D93358EA}.AppStore|Any CPU.Build.0 = Release|Any CPU
		{5178F1D8-F22B-4FEE-8DA1-1358D93358EA}.AppStore|ARM.ActiveCfg = Release|Any CPU
		{5178F1D8-F22B-4FEE-8DA1-1358D93358EA}.AppStore|ARM.Build.0 = Release|Any CPU
		{5178F1D8-F22B-4FEE-8DA1-1358D93358EA}.AppStore|ARM64.ActiveCfg = Release|Any CPU
		{5178F1D8-F22B-4FEE-8DA1-1358D93358EA}.AppStore|ARM64.Build.0 = Release|Any CPU
		{5178F1D8-F22B-4FEE-8DA1-1358D93358EA}.AppStore|iPhone.ActiveCfg = Release|Any CPU
		{5178F1D8-F22B-4FEE-8DA1-1358D93358EA}.AppStore|iPhone.Build.0 = Release|Any CPU
		{5178F1D8-F22B-4FEE-8DA1-1358D93358EA}.AppStore|iPhoneSimulator.ActiveCfg = Release|Any CPU
		{5178F1D8-F22B-4FEE-8DA1-1358D93358EA}.AppStore|iPhoneSimulator.Build.0 = Release|Any CPU
		{5178F1D8-F22B-4FEE-8DA1-1358D93358EA}.AppStore|x64.ActiveCfg = Release|Any CPU
		{5178F1D8-F22B-4FEE-8DA1-1358D93358EA}.AppStore|x64.Build.0 = Release|Any CPU
		{5178F1D8-F22B-4FEE-8DA1-1358D93358EA}.AppStore|x86.ActiveCfg = Release|Any CPU
		{5178F1D8-F22B-4FEE-8DA1-1358D93358EA}.AppStore|x86.Build.0 = Release|Any CPU
		{5178F1D8-F22B-4FEE-8DA1-1358D93358EA}.Debug|Any CPU.ActiveCfg = Debug|Any CPU
		{5178F1D8-F22B-4FEE-8DA1-1358D93358EA}.Debug|Any CPU.Build.0 = Debug|Any CPU
		{5178F1D8-F22B-4FEE-8DA1-1358D93358EA}.Debug|ARM.ActiveCfg = Debug|Any CPU
		{5178F1D8-F22B-4FEE-8DA1-1358D93358EA}.Debug|ARM.Build.0 = Debug|Any CPU
		{5178F1D8-F22B-4FEE-8DA1-1358D93358EA}.Debug|ARM64.ActiveCfg = Debug|Any CPU
		{5178F1D8-F22B-4FEE-8DA1-1358D93358EA}.Debug|ARM64.Build.0 = Debug|Any CPU
		{5178F1D8-F22B-4FEE-8DA1-1358D93358EA}.Debug|iPhone.ActiveCfg = Debug|Any CPU
		{5178F1D8-F22B-4FEE-8DA1-1358D93358EA}.Debug|iPhone.Build.0 = Debug|Any CPU
		{5178F1D8-F22B-4FEE-8DA1-1358D93358EA}.Debug|iPhoneSimulator.ActiveCfg = Debug|Any CPU
		{5178F1D8-F22B-4FEE-8DA1-1358D93358EA}.Debug|iPhoneSimulator.Build.0 = Debug|Any CPU
		{5178F1D8-F22B-4FEE-8DA1-1358D93358EA}.Debug|x64.ActiveCfg = Debug|Any CPU
		{5178F1D8-F22B-4FEE-8DA1-1358D93358EA}.Debug|x64.Build.0 = Debug|Any CPU
		{5178F1D8-F22B-4FEE-8DA1-1358D93358EA}.Debug|x86.ActiveCfg = Debug|Any CPU
		{5178F1D8-F22B-4FEE-8DA1-1358D93358EA}.Debug|x86.Build.0 = Debug|Any CPU
		{5178F1D8-F22B-4FEE-8DA1-1358D93358EA}.Release|Any CPU.ActiveCfg = Release|Any CPU
		{5178F1D8-F22B-4FEE-8DA1-1358D93358EA}.Release|Any CPU.Build.0 = Release|Any CPU
		{5178F1D8-F22B-4FEE-8DA1-1358D93358EA}.Release|ARM.ActiveCfg = Release|Any CPU
		{5178F1D8-F22B-4FEE-8DA1-1358D93358EA}.Release|ARM.Build.0 = Release|Any CPU
		{5178F1D8-F22B-4FEE-8DA1-1358D93358EA}.Release|ARM64.ActiveCfg = Release|Any CPU
		{5178F1D8-F22B-4FEE-8DA1-1358D93358EA}.Release|ARM64.Build.0 = Release|Any CPU
		{5178F1D8-F22B-4FEE-8DA1-1358D93358EA}.Release|iPhone.ActiveCfg = Release|Any CPU
		{5178F1D8-F22B-4FEE-8DA1-1358D93358EA}.Release|iPhone.Build.0 = Release|Any CPU
		{5178F1D8-F22B-4FEE-8DA1-1358D93358EA}.Release|iPhoneSimulator.ActiveCfg = Release|Any CPU
		{5178F1D8-F22B-4FEE-8DA1-1358D93358EA}.Release|iPhoneSimulator.Build.0 = Release|Any CPU
		{5178F1D8-F22B-4FEE-8DA1-1358D93358EA}.Release|x64.ActiveCfg = Release|Any CPU
		{5178F1D8-F22B-4FEE-8DA1-1358D93358EA}.Release|x64.Build.0 = Release|Any CPU
		{5178F1D8-F22B-4FEE-8DA1-1358D93358EA}.Release|x86.ActiveCfg = Release|Any CPU
		{5178F1D8-F22B-4FEE-8DA1-1358D93358EA}.Release|x86.Build.0 = Release|Any CPU
		{C7670D61-3347-47B5-AE4D-ED5307B25E50}.Ad-Hoc|Any CPU.ActiveCfg = Release|Any CPU
		{C7670D61-3347-47B5-AE4D-ED5307B25E50}.Ad-Hoc|Any CPU.Build.0 = Release|Any CPU
		{C7670D61-3347-47B5-AE4D-ED5307B25E50}.Ad-Hoc|ARM.ActiveCfg = Release|Any CPU
		{C7670D61-3347-47B5-AE4D-ED5307B25E50}.Ad-Hoc|ARM.Build.0 = Release|Any CPU
		{C7670D61-3347-47B5-AE4D-ED5307B25E50}.Ad-Hoc|ARM64.ActiveCfg = Release|Any CPU
		{C7670D61-3347-47B5-AE4D-ED5307B25E50}.Ad-Hoc|ARM64.Build.0 = Release|Any CPU
		{C7670D61-3347-47B5-AE4D-ED5307B25E50}.Ad-Hoc|iPhone.ActiveCfg = Release|Any CPU
		{C7670D61-3347-47B5-AE4D-ED5307B25E50}.Ad-Hoc|iPhone.Build.0 = Release|Any CPU
		{C7670D61-3347-47B5-AE4D-ED5307B25E50}.Ad-Hoc|iPhoneSimulator.ActiveCfg = Release|Any CPU
		{C7670D61-3347-47B5-AE4D-ED5307B25E50}.Ad-Hoc|iPhoneSimulator.Build.0 = Release|Any CPU
		{C7670D61-3347-47B5-AE4D-ED5307B25E50}.Ad-Hoc|x64.ActiveCfg = Release|Any CPU
		{C7670D61-3347-47B5-AE4D-ED5307B25E50}.Ad-Hoc|x64.Build.0 = Release|Any CPU
		{C7670D61-3347-47B5-AE4D-ED5307B25E50}.Ad-Hoc|x86.ActiveCfg = Release|Any CPU
		{C7670D61-3347-47B5-AE4D-ED5307B25E50}.Ad-Hoc|x86.Build.0 = Release|Any CPU
		{C7670D61-3347-47B5-AE4D-ED5307B25E50}.AppStore|Any CPU.ActiveCfg = Release|Any CPU
		{C7670D61-3347-47B5-AE4D-ED5307B25E50}.AppStore|Any CPU.Build.0 = Release|Any CPU
		{C7670D61-3347-47B5-AE4D-ED5307B25E50}.AppStore|ARM.ActiveCfg = Release|Any CPU
		{C7670D61-3347-47B5-AE4D-ED5307B25E50}.AppStore|ARM.Build.0 = Release|Any CPU
		{C7670D61-3347-47B5-AE4D-ED5307B25E50}.AppStore|ARM64.ActiveCfg = Release|Any CPU
		{C7670D61-3347-47B5-AE4D-ED5307B25E50}.AppStore|ARM64.Build.0 = Release|Any CPU
		{C7670D61-3347-47B5-AE4D-ED5307B25E50}.AppStore|iPhone.ActiveCfg = Release|Any CPU
		{C7670D61-3347-47B5-AE4D-ED5307B25E50}.AppStore|iPhone.Build.0 = Release|Any CPU
		{C7670D61-3347-47B5-AE4D-ED5307B25E50}.AppStore|iPhoneSimulator.ActiveCfg = Release|Any CPU
		{C7670D61-3347-47B5-AE4D-ED5307B25E50}.AppStore|iPhoneSimulator.Build.0 = Release|Any CPU
		{C7670D61-3347-47B5-AE4D-ED5307B25E50}.AppStore|x64.ActiveCfg = Release|Any CPU
		{C7670D61-3347-47B5-AE4D-ED5307B25E50}.AppStore|x64.Build.0 = Release|Any CPU
		{C7670D61-3347-47B5-AE4D-ED5307B25E50}.AppStore|x86.ActiveCfg = Release|Any CPU
		{C7670D61-3347-47B5-AE4D-ED5307B25E50}.AppStore|x86.Build.0 = Release|Any CPU
		{C7670D61-3347-47B5-AE4D-ED5307B25E50}.Debug|Any CPU.ActiveCfg = Debug|Any CPU
		{C7670D61-3347-47B5-AE4D-ED5307B25E50}.Debug|Any CPU.Build.0 = Debug|Any CPU
		{C7670D61-3347-47B5-AE4D-ED5307B25E50}.Debug|ARM.ActiveCfg = Debug|Any CPU
		{C7670D61-3347-47B5-AE4D-ED5307B25E50}.Debug|ARM.Build.0 = Debug|Any CPU
		{C7670D61-3347-47B5-AE4D-ED5307B25E50}.Debug|ARM64.ActiveCfg = Debug|Any CPU
		{C7670D61-3347-47B5-AE4D-ED5307B25E50}.Debug|ARM64.Build.0 = Debug|Any CPU
		{C7670D61-3347-47B5-AE4D-ED5307B25E50}.Debug|iPhone.ActiveCfg = Debug|Any CPU
		{C7670D61-3347-47B5-AE4D-ED5307B25E50}.Debug|iPhone.Build.0 = Debug|Any CPU
		{C7670D61-3347-47B5-AE4D-ED5307B25E50}.Debug|iPhoneSimulator.ActiveCfg = Debug|Any CPU
		{C7670D61-3347-47B5-AE4D-ED5307B25E50}.Debug|iPhoneSimulator.Build.0 = Debug|Any CPU
		{C7670D61-3347-47B5-AE4D-ED5307B25E50}.Debug|x64.ActiveCfg = Debug|Any CPU
		{C7670D61-3347-47B5-AE4D-ED5307B25E50}.Debug|x64.Build.0 = Debug|Any CPU
		{C7670D61-3347-47B5-AE4D-ED5307B25E50}.Debug|x86.ActiveCfg = Debug|Any CPU
		{C7670D61-3347-47B5-AE4D-ED5307B25E50}.Debug|x86.Build.0 = Debug|Any CPU
		{C7670D61-3347-47B5-AE4D-ED5307B25E50}.Release|Any CPU.ActiveCfg = Release|Any CPU
		{C7670D61-3347-47B5-AE4D-ED5307B25E50}.Release|Any CPU.Build.0 = Release|Any CPU
		{C7670D61-3347-47B5-AE4D-ED5307B25E50}.Release|ARM.ActiveCfg = Release|Any CPU
		{C7670D61-3347-47B5-AE4D-ED5307B25E50}.Release|ARM.Build.0 = Release|Any CPU
		{C7670D61-3347-47B5-AE4D-ED5307B25E50}.Release|ARM64.ActiveCfg = Release|Any CPU
		{C7670D61-3347-47B5-AE4D-ED5307B25E50}.Release|ARM64.Build.0 = Release|Any CPU
		{C7670D61-3347-47B5-AE4D-ED5307B25E50}.Release|iPhone.ActiveCfg = Release|Any CPU
		{C7670D61-3347-47B5-AE4D-ED5307B25E50}.Release|iPhone.Build.0 = Release|Any CPU
		{C7670D61-3347-47B5-AE4D-ED5307B25E50}.Release|iPhoneSimulator.ActiveCfg = Release|Any CPU
		{C7670D61-3347-47B5-AE4D-ED5307B25E50}.Release|iPhoneSimulator.Build.0 = Release|Any CPU
		{C7670D61-3347-47B5-AE4D-ED5307B25E50}.Release|x64.ActiveCfg = Release|Any CPU
		{C7670D61-3347-47B5-AE4D-ED5307B25E50}.Release|x64.Build.0 = Release|Any CPU
		{C7670D61-3347-47B5-AE4D-ED5307B25E50}.Release|x86.ActiveCfg = Release|Any CPU
		{C7670D61-3347-47B5-AE4D-ED5307B25E50}.Release|x86.Build.0 = Release|Any CPU
		{0C781F68-1FA9-42FA-B15E-255758B4FD0F}.Ad-Hoc|Any CPU.ActiveCfg = Release|Any CPU
		{0C781F68-1FA9-42FA-B15E-255758B4FD0F}.Ad-Hoc|Any CPU.Build.0 = Release|Any CPU
		{0C781F68-1FA9-42FA-B15E-255758B4FD0F}.Ad-Hoc|ARM.ActiveCfg = Release|Any CPU
		{0C781F68-1FA9-42FA-B15E-255758B4FD0F}.Ad-Hoc|ARM.Build.0 = Release|Any CPU
		{0C781F68-1FA9-42FA-B15E-255758B4FD0F}.Ad-Hoc|ARM64.ActiveCfg = Release|Any CPU
		{0C781F68-1FA9-42FA-B15E-255758B4FD0F}.Ad-Hoc|ARM64.Build.0 = Release|Any CPU
		{0C781F68-1FA9-42FA-B15E-255758B4FD0F}.Ad-Hoc|iPhone.ActiveCfg = Release|Any CPU
		{0C781F68-1FA9-42FA-B15E-255758B4FD0F}.Ad-Hoc|iPhone.Build.0 = Release|Any CPU
		{0C781F68-1FA9-42FA-B15E-255758B4FD0F}.Ad-Hoc|iPhoneSimulator.ActiveCfg = Release|Any CPU
		{0C781F68-1FA9-42FA-B15E-255758B4FD0F}.Ad-Hoc|iPhoneSimulator.Build.0 = Release|Any CPU
		{0C781F68-1FA9-42FA-B15E-255758B4FD0F}.Ad-Hoc|x64.ActiveCfg = Release|Any CPU
		{0C781F68-1FA9-42FA-B15E-255758B4FD0F}.Ad-Hoc|x64.Build.0 = Release|Any CPU
		{0C781F68-1FA9-42FA-B15E-255758B4FD0F}.Ad-Hoc|x86.ActiveCfg = Release|Any CPU
		{0C781F68-1FA9-42FA-B15E-255758B4FD0F}.Ad-Hoc|x86.Build.0 = Release|Any CPU
		{0C781F68-1FA9-42FA-B15E-255758B4FD0F}.AppStore|Any CPU.ActiveCfg = Release|Any CPU
		{0C781F68-1FA9-42FA-B15E-255758B4FD0F}.AppStore|Any CPU.Build.0 = Release|Any CPU
		{0C781F68-1FA9-42FA-B15E-255758B4FD0F}.AppStore|ARM.ActiveCfg = Release|Any CPU
		{0C781F68-1FA9-42FA-B15E-255758B4FD0F}.AppStore|ARM.Build.0 = Release|Any CPU
		{0C781F68-1FA9-42FA-B15E-255758B4FD0F}.AppStore|ARM64.ActiveCfg = Release|Any CPU
		{0C781F68-1FA9-42FA-B15E-255758B4FD0F}.AppStore|ARM64.Build.0 = Release|Any CPU
		{0C781F68-1FA9-42FA-B15E-255758B4FD0F}.AppStore|iPhone.ActiveCfg = Release|Any CPU
		{0C781F68-1FA9-42FA-B15E-255758B4FD0F}.AppStore|iPhone.Build.0 = Release|Any CPU
		{0C781F68-1FA9-42FA-B15E-255758B4FD0F}.AppStore|iPhoneSimulator.ActiveCfg = Release|Any CPU
		{0C781F68-1FA9-42FA-B15E-255758B4FD0F}.AppStore|iPhoneSimulator.Build.0 = Release|Any CPU
		{0C781F68-1FA9-42FA-B15E-255758B4FD0F}.AppStore|x64.ActiveCfg = Release|Any CPU
		{0C781F68-1FA9-42FA-B15E-255758B4FD0F}.AppStore|x64.Build.0 = Release|Any CPU
		{0C781F68-1FA9-42FA-B15E-255758B4FD0F}.AppStore|x86.ActiveCfg = Release|Any CPU
		{0C781F68-1FA9-42FA-B15E-255758B4FD0F}.AppStore|x86.Build.0 = Release|Any CPU
		{0C781F68-1FA9-42FA-B15E-255758B4FD0F}.Debug|Any CPU.ActiveCfg = Debug|Any CPU
		{0C781F68-1FA9-42FA-B15E-255758B4FD0F}.Debug|Any CPU.Build.0 = Debug|Any CPU
		{0C781F68-1FA9-42FA-B15E-255758B4FD0F}.Debug|ARM.ActiveCfg = Debug|Any CPU
		{0C781F68-1FA9-42FA-B15E-255758B4FD0F}.Debug|ARM.Build.0 = Debug|Any CPU
		{0C781F68-1FA9-42FA-B15E-255758B4FD0F}.Debug|ARM64.ActiveCfg = Debug|Any CPU
		{0C781F68-1FA9-42FA-B15E-255758B4FD0F}.Debug|ARM64.Build.0 = Debug|Any CPU
		{0C781F68-1FA9-42FA-B15E-255758B4FD0F}.Debug|iPhone.ActiveCfg = Debug|Any CPU
		{0C781F68-1FA9-42FA-B15E-255758B4FD0F}.Debug|iPhone.Build.0 = Debug|Any CPU
		{0C781F68-1FA9-42FA-B15E-255758B4FD0F}.Debug|iPhoneSimulator.ActiveCfg = Debug|Any CPU
		{0C781F68-1FA9-42FA-B15E-255758B4FD0F}.Debug|iPhoneSimulator.Build.0 = Debug|Any CPU
		{0C781F68-1FA9-42FA-B15E-255758B4FD0F}.Debug|x64.ActiveCfg = Debug|Any CPU
		{0C781F68-1FA9-42FA-B15E-255758B4FD0F}.Debug|x64.Build.0 = Debug|Any CPU
		{0C781F68-1FA9-42FA-B15E-255758B4FD0F}.Debug|x86.ActiveCfg = Debug|Any CPU
		{0C781F68-1FA9-42FA-B15E-255758B4FD0F}.Debug|x86.Build.0 = Debug|Any CPU
		{0C781F68-1FA9-42FA-B15E-255758B4FD0F}.Release|Any CPU.ActiveCfg = Release|Any CPU
		{0C781F68-1FA9-42FA-B15E-255758B4FD0F}.Release|Any CPU.Build.0 = Release|Any CPU
		{0C781F68-1FA9-42FA-B15E-255758B4FD0F}.Release|ARM.ActiveCfg = Release|Any CPU
		{0C781F68-1FA9-42FA-B15E-255758B4FD0F}.Release|ARM.Build.0 = Release|Any CPU
		{0C781F68-1FA9-42FA-B15E-255758B4FD0F}.Release|ARM64.ActiveCfg = Release|Any CPU
		{0C781F68-1FA9-42FA-B15E-255758B4FD0F}.Release|ARM64.Build.0 = Release|Any CPU
		{0C781F68-1FA9-42FA-B15E-255758B4FD0F}.Release|iPhone.ActiveCfg = Release|Any CPU
		{0C781F68-1FA9-42FA-B15E-255758B4FD0F}.Release|iPhone.Build.0 = Release|Any CPU
		{0C781F68-1FA9-42FA-B15E-255758B4FD0F}.Release|iPhoneSimulator.ActiveCfg = Release|Any CPU
		{0C781F68-1FA9-42FA-B15E-255758B4FD0F}.Release|iPhoneSimulator.Build.0 = Release|Any CPU
		{0C781F68-1FA9-42FA-B15E-255758B4FD0F}.Release|x64.ActiveCfg = Release|Any CPU
		{0C781F68-1FA9-42FA-B15E-255758B4FD0F}.Release|x64.Build.0 = Release|Any CPU
		{0C781F68-1FA9-42FA-B15E-255758B4FD0F}.Release|x86.ActiveCfg = Release|Any CPU
		{0C781F68-1FA9-42FA-B15E-255758B4FD0F}.Release|x86.Build.0 = Release|Any CPU
		{A5AE6DD8-5E55-4573-AF9A-1AB967B14914}.Ad-Hoc|Any CPU.ActiveCfg = Release|Any CPU
		{A5AE6DD8-5E55-4573-AF9A-1AB967B14914}.Ad-Hoc|Any CPU.Build.0 = Release|Any CPU
		{A5AE6DD8-5E55-4573-AF9A-1AB967B14914}.Ad-Hoc|ARM.ActiveCfg = Release|Any CPU
		{A5AE6DD8-5E55-4573-AF9A-1AB967B14914}.Ad-Hoc|ARM.Build.0 = Release|Any CPU
		{A5AE6DD8-5E55-4573-AF9A-1AB967B14914}.Ad-Hoc|ARM64.ActiveCfg = Release|Any CPU
		{A5AE6DD8-5E55-4573-AF9A-1AB967B14914}.Ad-Hoc|ARM64.Build.0 = Release|Any CPU
		{A5AE6DD8-5E55-4573-AF9A-1AB967B14914}.Ad-Hoc|iPhone.ActiveCfg = Release|Any CPU
		{A5AE6DD8-5E55-4573-AF9A-1AB967B14914}.Ad-Hoc|iPhone.Build.0 = Release|Any CPU
		{A5AE6DD8-5E55-4573-AF9A-1AB967B14914}.Ad-Hoc|iPhoneSimulator.ActiveCfg = Release|Any CPU
		{A5AE6DD8-5E55-4573-AF9A-1AB967B14914}.Ad-Hoc|iPhoneSimulator.Build.0 = Release|Any CPU
		{A5AE6DD8-5E55-4573-AF9A-1AB967B14914}.Ad-Hoc|x64.ActiveCfg = Release|Any CPU
		{A5AE6DD8-5E55-4573-AF9A-1AB967B14914}.Ad-Hoc|x64.Build.0 = Release|Any CPU
		{A5AE6DD8-5E55-4573-AF9A-1AB967B14914}.Ad-Hoc|x86.ActiveCfg = Release|Any CPU
		{A5AE6DD8-5E55-4573-AF9A-1AB967B14914}.Ad-Hoc|x86.Build.0 = Release|Any CPU
		{A5AE6DD8-5E55-4573-AF9A-1AB967B14914}.AppStore|Any CPU.ActiveCfg = Release|Any CPU
		{A5AE6DD8-5E55-4573-AF9A-1AB967B14914}.AppStore|Any CPU.Build.0 = Release|Any CPU
		{A5AE6DD8-5E55-4573-AF9A-1AB967B14914}.AppStore|ARM.ActiveCfg = Release|Any CPU
		{A5AE6DD8-5E55-4573-AF9A-1AB967B14914}.AppStore|ARM.Build.0 = Release|Any CPU
		{A5AE6DD8-5E55-4573-AF9A-1AB967B14914}.AppStore|ARM64.ActiveCfg = Release|Any CPU
		{A5AE6DD8-5E55-4573-AF9A-1AB967B14914}.AppStore|ARM64.Build.0 = Release|Any CPU
		{A5AE6DD8-5E55-4573-AF9A-1AB967B14914}.AppStore|iPhone.ActiveCfg = Release|Any CPU
		{A5AE6DD8-5E55-4573-AF9A-1AB967B14914}.AppStore|iPhone.Build.0 = Release|Any CPU
		{A5AE6DD8-5E55-4573-AF9A-1AB967B14914}.AppStore|iPhoneSimulator.ActiveCfg = Release|Any CPU
		{A5AE6DD8-5E55-4573-AF9A-1AB967B14914}.AppStore|iPhoneSimulator.Build.0 = Release|Any CPU
		{A5AE6DD8-5E55-4573-AF9A-1AB967B14914}.AppStore|x64.ActiveCfg = Release|Any CPU
		{A5AE6DD8-5E55-4573-AF9A-1AB967B14914}.AppStore|x64.Build.0 = Release|Any CPU
		{A5AE6DD8-5E55-4573-AF9A-1AB967B14914}.AppStore|x86.ActiveCfg = Release|Any CPU
		{A5AE6DD8-5E55-4573-AF9A-1AB967B14914}.AppStore|x86.Build.0 = Release|Any CPU
		{A5AE6DD8-5E55-4573-AF9A-1AB967B14914}.Debug|Any CPU.ActiveCfg = Debug|Any CPU
		{A5AE6DD8-5E55-4573-AF9A-1AB967B14914}.Debug|Any CPU.Build.0 = Debug|Any CPU
		{A5AE6DD8-5E55-4573-AF9A-1AB967B14914}.Debug|ARM.ActiveCfg = Debug|Any CPU
		{A5AE6DD8-5E55-4573-AF9A-1AB967B14914}.Debug|ARM.Build.0 = Debug|Any CPU
		{A5AE6DD8-5E55-4573-AF9A-1AB967B14914}.Debug|ARM64.ActiveCfg = Debug|Any CPU
		{A5AE6DD8-5E55-4573-AF9A-1AB967B14914}.Debug|ARM64.Build.0 = Debug|Any CPU
		{A5AE6DD8-5E55-4573-AF9A-1AB967B14914}.Debug|iPhone.ActiveCfg = Debug|Any CPU
		{A5AE6DD8-5E55-4573-AF9A-1AB967B14914}.Debug|iPhone.Build.0 = Debug|Any CPU
		{A5AE6DD8-5E55-4573-AF9A-1AB967B14914}.Debug|iPhoneSimulator.ActiveCfg = Debug|Any CPU
		{A5AE6DD8-5E55-4573-AF9A-1AB967B14914}.Debug|iPhoneSimulator.Build.0 = Debug|Any CPU
		{A5AE6DD8-5E55-4573-AF9A-1AB967B14914}.Debug|x64.ActiveCfg = Debug|Any CPU
		{A5AE6DD8-5E55-4573-AF9A-1AB967B14914}.Debug|x64.Build.0 = Debug|Any CPU
		{A5AE6DD8-5E55-4573-AF9A-1AB967B14914}.Debug|x86.ActiveCfg = Debug|Any CPU
		{A5AE6DD8-5E55-4573-AF9A-1AB967B14914}.Debug|x86.Build.0 = Debug|Any CPU
		{A5AE6DD8-5E55-4573-AF9A-1AB967B14914}.Release|Any CPU.ActiveCfg = Release|Any CPU
		{A5AE6DD8-5E55-4573-AF9A-1AB967B14914}.Release|Any CPU.Build.0 = Release|Any CPU
		{A5AE6DD8-5E55-4573-AF9A-1AB967B14914}.Release|ARM.ActiveCfg = Release|Any CPU
		{A5AE6DD8-5E55-4573-AF9A-1AB967B14914}.Release|ARM.Build.0 = Release|Any CPU
		{A5AE6DD8-5E55-4573-AF9A-1AB967B14914}.Release|ARM64.ActiveCfg = Release|Any CPU
		{A5AE6DD8-5E55-4573-AF9A-1AB967B14914}.Release|ARM64.Build.0 = Release|Any CPU
		{A5AE6DD8-5E55-4573-AF9A-1AB967B14914}.Release|iPhone.ActiveCfg = Release|Any CPU
		{A5AE6DD8-5E55-4573-AF9A-1AB967B14914}.Release|iPhone.Build.0 = Release|Any CPU
		{A5AE6DD8-5E55-4573-AF9A-1AB967B14914}.Release|iPhoneSimulator.ActiveCfg = Release|Any CPU
		{A5AE6DD8-5E55-4573-AF9A-1AB967B14914}.Release|iPhoneSimulator.Build.0 = Release|Any CPU
		{A5AE6DD8-5E55-4573-AF9A-1AB967B14914}.Release|x64.ActiveCfg = Release|Any CPU
		{A5AE6DD8-5E55-4573-AF9A-1AB967B14914}.Release|x64.Build.0 = Release|Any CPU
		{A5AE6DD8-5E55-4573-AF9A-1AB967B14914}.Release|x86.ActiveCfg = Release|Any CPU
		{A5AE6DD8-5E55-4573-AF9A-1AB967B14914}.Release|x86.Build.0 = Release|Any CPU
	EndGlobalSection
	GlobalSection(SolutionProperties) = preSolution
		HideSolutionNode = FALSE
	EndGlobalSection
	GlobalSection(NestedProjects) = preSolution
		{751C7EBB-3039-4F2C-B3A7-8796609DA306} = {437DCB5A-1D02-42AD-B143-E84A923E5F2E}
		{7CBDFA75-358F-4BB1-91C6-9F6789C56CA2} = {2D671EA6-CC18-4AE5-9B28-661FCAB4B417}
		{43AEF3EB-AC4C-4640-B63E-C38993035BA8} = {2D671EA6-CC18-4AE5-9B28-661FCAB4B417}
		{C56A34FA-2FF7-4FF5-B0CA-F251E3916BED} = {9B50502D-D259-4320-9F32-CED2B2469E13}
		{E9BA490E-4E77-491A-BF57-1A3EF990C3CE} = {27086128-8DB8-4422-BCD9-6163CB65EFDC}
		{9D1AE4F8-8221-4E81-9070-B41502149C1C} = {27086128-8DB8-4422-BCD9-6163CB65EFDC}
		{60858D67-1012-47D9-97EB-A2AA4712834B} = {2D671EA6-CC18-4AE5-9B28-661FCAB4B417}
		{D87F2B42-FB94-4834-B51C-819EFEC3A664} = {27086128-8DB8-4422-BCD9-6163CB65EFDC}
		{6279C845-92F8-4333-AB99-3D213163593C} = {D87F2B42-FB94-4834-B51C-819EFEC3A664}
		{9CC43AA8-FBC7-4066-AFED-D6E491D141E0} = {D87F2B42-FB94-4834-B51C-819EFEC3A664}
		{D60D926A-0338-40E6-BB82-751EDAFF9DAA} = {D87F2B42-FB94-4834-B51C-819EFEC3A664}
		{EFA731BC-F00C-48D9-A8BD-FA2AE9E71260} = {D87F2B42-FB94-4834-B51C-819EFEC3A664}
		{B94690FB-A3E9-4916-A04B-6CF799B4AC9C} = {D87F2B42-FB94-4834-B51C-819EFEC3A664}
		{C948327A-A6CA-47C1-AB13-57270D776967} = {D87F2B42-FB94-4834-B51C-819EFEC3A664}
		{3608ECD8-4B1D-446F-BF14-F33E324F6644} = {D87F2B42-FB94-4834-B51C-819EFEC3A664}
		{5178F1D8-F22B-4FEE-8DA1-1358D93358EA} = {D87F2B42-FB94-4834-B51C-819EFEC3A664}
		{C7670D61-3347-47B5-AE4D-ED5307B25E50} = {D87F2B42-FB94-4834-B51C-819EFEC3A664}
		{0C781F68-1FA9-42FA-B15E-255758B4FD0F} = {9B50502D-D259-4320-9F32-CED2B2469E13}
	EndGlobalSection
	GlobalSection(ExtensibilityGlobals) = postSolution
		SolutionGuid = {3DAD3C94-22EE-4967-B370-2D3F2AB895EC}
	EndGlobalSection
EndGlobal
